// !$*UTF8*$!
{
	archiveVersion = 1;
	classes = {
	};
	objectVersion = 46;
	objects = {

/* Begin PBXBuildFile section */
		670BA820152024F80063ADE0 /* UIKit.framework in Frameworks */ = {isa = PBXBuildFile; fileRef = 670BA81F152024F80063ADE0 /* UIKit.framework */; };
		670BA822152024F80063ADE0 /* Foundation.framework in Frameworks */ = {isa = PBXBuildFile; fileRef = 670BA821152024F80063ADE0 /* Foundation.framework */; };
		670BA824152024F80063ADE0 /* CoreGraphics.framework in Frameworks */ = {isa = PBXBuildFile; fileRef = 670BA823152024F80063ADE0 /* CoreGraphics.framework */; };
		670BA82A152024F80063ADE0 /* InfoPlist.strings in Resources */ = {isa = PBXBuildFile; fileRef = 670BA828152024F80063ADE0 /* InfoPlist.strings */; };
		670BA82C152024F80063ADE0 /* main.m in Sources */ = {isa = PBXBuildFile; fileRef = 670BA82B152024F80063ADE0 /* main.m */; };
		670BA830152024F80063ADE0 /* AppDelegate.m in Sources */ = {isa = PBXBuildFile; fileRef = 670BA82F152024F80063ADE0 /* AppDelegate.m */; };
		67135279153BD71D0098E83A /* AudioToolbox.framework in Frameworks */ = {isa = PBXBuildFile; fileRef = 67135278153BD71D0098E83A /* AudioToolbox.framework */; };
		67135287153C8C3E0098E83A /* 09alleycat.mid in Resources */ = {isa = PBXBuildFile; fileRef = 67135283153C8C3E0098E83A /* 09alleycat.mid */; };
		67135288153C8C3E0098E83A /* 05carolina.mid in Resources */ = {isa = PBXBuildFile; fileRef = 67135284153C8C3E0098E83A /* 05carolina.mid */; };
		67135289153C8C3E0098E83A /* 03bumbee.mid in Resources */ = {isa = PBXBuildFile; fileRef = 67135285153C8C3E0098E83A /* 03bumbee.mid */; };
		6713528A153C8C3E0098E83A /* 02astimegoesby.mid in Resources */ = {isa = PBXBuildFile; fileRef = 67135286153C8C3E0098E83A /* 02astimegoesby.mid */; };
		677C26F31528E75900631745 /* RightView.xib in Resources */ = {isa = PBXBuildFile; fileRef = 677C26F21528E75900631745 /* RightView.xib */; };
		677C26FC1529FF2100631745 /* AVFoundation.framework in Frameworks */ = {isa = PBXBuildFile; fileRef = 677C26FB1529FF2100631745 /* AVFoundation.framework */; };
		677C26FF1529FF2700631745 /* CoreAudio.framework in Frameworks */ = {isa = PBXBuildFile; fileRef = 677C26FE1529FF2700631745 /* CoreAudio.framework */; };
		677C27011529FF2C00631745 /* CoreMIDI.framework in Frameworks */ = {isa = PBXBuildFile; fileRef = 677C27001529FF2C00631745 /* CoreMIDI.framework */; };
		677C27031529FFEE00631745 /* mary.mid in Resources */ = {isa = PBXBuildFile; fileRef = 677C27021529FFEE00631745 /* mary.mid */; };
		6784379315265210009744CC /* Model.xcdatamodeld in Sources */ = {isa = PBXBuildFile; fileRef = 6784379115265210009744CC /* Model.xcdatamodeld */; };
		6784379615265249009744CC /* Users.m in Sources */ = {isa = PBXBuildFile; fileRef = 6784379515265249009744CC /* Users.m */; };
		67843836152666F2009744CC /* textfield_bg.png in Resources */ = {isa = PBXBuildFile; fileRef = 67843835152666F2009744CC /* textfield_bg.png */; };
		678439B31526AE95009744CC /* register_bg.png in Resources */ = {isa = PBXBuildFile; fileRef = 678439B21526AE95009744CC /* register_bg.png */; };
		678439B51526B9EE009744CC /* textfield.png in Resources */ = {isa = PBXBuildFile; fileRef = 678439B41526B9EE009744CC /* textfield.png */; };
		678439C71527CDED009744CC /* CoreDataAccess.m in Sources */ = {isa = PBXBuildFile; fileRef = 678439C61527CDED009744CC /* CoreDataAccess.m */; };
		67BBD3BD1527FA7D00F74374 /* ViewController.xib in Resources */ = {isa = PBXBuildFile; fileRef = 67BBD3BB1527FA7D00F74374 /* ViewController.xib */; };
		67BBD3C41527FCA900F74374 /* startMenu.m in Sources */ = {isa = PBXBuildFile; fileRef = 67BBD3C21527FCA900F74374 /* startMenu.m */; };
		67BBD3C51527FCA900F74374 /* startMenu.xib in Resources */ = {isa = PBXBuildFile; fileRef = 67BBD3C31527FCA900F74374 /* startMenu.xib */; };
		67BBD3DE15280B0900F74374 /* Master.m in Sources */ = {isa = PBXBuildFile; fileRef = 67BBD3DC15280B0900F74374 /* Master.m */; };
		67BBD3DF15280B0900F74374 /* Master.xib in Resources */ = {isa = PBXBuildFile; fileRef = 67BBD3DD15280B0900F74374 /* Master.xib */; };
		67BBD3E215280B3E00F74374 /* LeftView.m in Sources */ = {isa = PBXBuildFile; fileRef = 67BBD3E115280B3E00F74374 /* LeftView.m */; };
		67BBD3E915280FA700F74374 /* RightView.m in Sources */ = {isa = PBXBuildFile; fileRef = 67BBD3E715280FA600F74374 /* RightView.m */; };
		67BEDE931523F402000360EC /* Register.m in Sources */ = {isa = PBXBuildFile; fileRef = 67BEDE911523F402000360EC /* Register.m */; };
		67BEDE941523F402000360EC /* Register.xib in Resources */ = {isa = PBXBuildFile; fileRef = 67BEDE921523F402000360EC /* Register.xib */; };
		67BEDEA81523FDA2000360EC /* CoreData.framework in Frameworks */ = {isa = PBXBuildFile; fileRef = 67BEDEA71523FDA2000360EC /* CoreData.framework */; };
/* End PBXBuildFile section */

/* Begin PBXFileReference section */
		670BA81B152024F80063ADE0 /* Instrument.app */ = {isa = PBXFileReference; explicitFileType = wrapper.application; includeInIndex = 0; path = Instrument.app; sourceTree = BUILT_PRODUCTS_DIR; };
		670BA81F152024F80063ADE0 /* UIKit.framework */ = {isa = PBXFileReference; lastKnownFileType = wrapper.framework; name = UIKit.framework; path = System/Library/Frameworks/UIKit.framework; sourceTree = SDKROOT; };
		670BA821152024F80063ADE0 /* Foundation.framework */ = {isa = PBXFileReference; lastKnownFileType = wrapper.framework; name = Foundation.framework; path = System/Library/Frameworks/Foundation.framework; sourceTree = SDKROOT; };
		670BA823152024F80063ADE0 /* CoreGraphics.framework */ = {isa = PBXFileReference; lastKnownFileType = wrapper.framework; name = CoreGraphics.framework; path = System/Library/Frameworks/CoreGraphics.framework; sourceTree = SDKROOT; };
		670BA827152024F80063ADE0 /* Instrument-Info.plist */ = {isa = PBXFileReference; lastKnownFileType = text.plist.xml; path = "Instrument-Info.plist"; sourceTree = "<group>"; };
		670BA829152024F80063ADE0 /* en */ = {isa = PBXFileReference; lastKnownFileType = text.plist.strings; name = en; path = en.lproj/InfoPlist.strings; sourceTree = "<group>"; };
		670BA82B152024F80063ADE0 /* main.m */ = {isa = PBXFileReference; lastKnownFileType = sourcecode.c.objc; path = main.m; sourceTree = "<group>"; };
		670BA82D152024F80063ADE0 /* Instrument-Prefix.pch */ = {isa = PBXFileReference; lastKnownFileType = sourcecode.c.h; path = "Instrument-Prefix.pch"; sourceTree = "<group>"; };
		670BA82E152024F80063ADE0 /* AppDelegate.h */ = {isa = PBXFileReference; lastKnownFileType = sourcecode.c.h; path = AppDelegate.h; sourceTree = "<group>"; };
		670BA82F152024F80063ADE0 /* AppDelegate.m */ = {isa = PBXFileReference; lastKnownFileType = sourcecode.c.objc; path = AppDelegate.m; sourceTree = "<group>"; };
		67135278153BD71D0098E83A /* AudioToolbox.framework */ = {isa = PBXFileReference; lastKnownFileType = wrapper.framework; name = AudioToolbox.framework; path = System/Library/Frameworks/AudioToolbox.framework; sourceTree = SDKROOT; };
		67135283153C8C3E0098E83A /* 09alleycat.mid */ = {isa = PBXFileReference; lastKnownFileType = audio.midi; path = 09alleycat.mid; sourceTree = "<group>"; };
		67135284153C8C3E0098E83A /* 05carolina.mid */ = {isa = PBXFileReference; lastKnownFileType = audio.midi; path = 05carolina.mid; sourceTree = "<group>"; };
		67135285153C8C3E0098E83A /* 03bumbee.mid */ = {isa = PBXFileReference; lastKnownFileType = audio.midi; path = 03bumbee.mid; sourceTree = "<group>"; };
		67135286153C8C3E0098E83A /* 02astimegoesby.mid */ = {isa = PBXFileReference; lastKnownFileType = audio.midi; path = 02astimegoesby.mid; sourceTree = "<group>"; };
		677C26F21528E75900631745 /* RightView.xib */ = {isa = PBXFileReference; fileEncoding = 4; lastKnownFileType = file.xib; path = RightView.xib; sourceTree = "<group>"; };
		677C26FB1529FF2100631745 /* AVFoundation.framework */ = {isa = PBXFileReference; lastKnownFileType = wrapper.framework; name = AVFoundation.framework; path = System/Library/Frameworks/AVFoundation.framework; sourceTree = SDKROOT; };
		677C26FE1529FF2700631745 /* CoreAudio.framework */ = {isa = PBXFileReference; lastKnownFileType = wrapper.framework; name = CoreAudio.framework; path = System/Library/Frameworks/CoreAudio.framework; sourceTree = SDKROOT; };
		677C27001529FF2C00631745 /* CoreMIDI.framework */ = {isa = PBXFileReference; lastKnownFileType = wrapper.framework; name = CoreMIDI.framework; path = System/Library/Frameworks/CoreMIDI.framework; sourceTree = SDKROOT; };
		677C27021529FFEE00631745 /* mary.mid */ = {isa = PBXFileReference; lastKnownFileType = audio.midi; name = mary.mid; path = ../../Downloads/mary.mid; sourceTree = "<group>"; };
		6784379215265210009744CC /* Model.xcdatamodel */ = {isa = PBXFileReference; lastKnownFileType = wrapper.xcdatamodel; path = Model.xcdatamodel; sourceTree = "<group>"; };
		6784379415265249009744CC /* Users.h */ = {isa = PBXFileReference; fileEncoding = 4; lastKnownFileType = sourcecode.c.h; path = Users.h; sourceTree = "<group>"; };
		6784379515265249009744CC /* Users.m */ = {isa = PBXFileReference; fileEncoding = 4; lastKnownFileType = sourcecode.c.objc; path = Users.m; sourceTree = "<group>"; };
		67843835152666F2009744CC /* textfield_bg.png */ = {isa = PBXFileReference; lastKnownFileType = image.png; name = textfield_bg.png; path = ../textfield_bg.png; sourceTree = "<group>"; };
		678439B21526AE95009744CC /* register_bg.png */ = {isa = PBXFileReference; lastKnownFileType = image.png; name = register_bg.png; path = ../register_bg.png; sourceTree = "<group>"; };
		678439B41526B9EE009744CC /* textfield.png */ = {isa = PBXFileReference; lastKnownFileType = image.png; name = textfield.png; path = ../textfield.png; sourceTree = "<group>"; };
		678439C51527CDED009744CC /* CoreDataAccess.h */ = {isa = PBXFileReference; fileEncoding = 4; lastKnownFileType = sourcecode.c.h; path = CoreDataAccess.h; sourceTree = "<group>"; };
		678439C61527CDED009744CC /* CoreDataAccess.m */ = {isa = PBXFileReference; fileEncoding = 4; lastKnownFileType = sourcecode.c.objc; path = CoreDataAccess.m; sourceTree = "<group>"; };
		67BBD3BB1527FA7D00F74374 /* ViewController.xib */ = {isa = PBXFileReference; fileEncoding = 4; lastKnownFileType = file.xib; path = ViewController.xib; sourceTree = "<group>"; };
		67BBD3C11527FCA900F74374 /* startMenu.h */ = {isa = PBXFileReference; fileEncoding = 4; lastKnownFileType = sourcecode.c.h; name = startMenu.h; path = ../startMenu.h; sourceTree = "<group>"; };
		67BBD3C21527FCA900F74374 /* startMenu.m */ = {isa = PBXFileReference; fileEncoding = 4; lastKnownFileType = sourcecode.c.objc; name = startMenu.m; path = ../startMenu.m; sourceTree = "<group>"; };
		67BBD3C31527FCA900F74374 /* startMenu.xib */ = {isa = PBXFileReference; fileEncoding = 4; lastKnownFileType = file.xib; name = startMenu.xib; path = ../startMenu.xib; sourceTree = "<group>"; };
		67BBD3DB15280B0900F74374 /* Master.h */ = {isa = PBXFileReference; fileEncoding = 4; lastKnownFileType = sourcecode.c.h; path = Master.h; sourceTree = "<group>"; };
		67BBD3DC15280B0900F74374 /* Master.m */ = {isa = PBXFileReference; fileEncoding = 4; lastKnownFileType = sourcecode.c.objc; path = Master.m; sourceTree = "<group>"; };
		67BBD3DD15280B0900F74374 /* Master.xib */ = {isa = PBXFileReference; fileEncoding = 4; lastKnownFileType = file.xib; path = Master.xib; sourceTree = "<group>"; };
		67BBD3E015280B3E00F74374 /* LeftView.h */ = {isa = PBXFileReference; fileEncoding = 4; lastKnownFileType = sourcecode.c.h; path = LeftView.h; sourceTree = "<group>"; };
		67BBD3E115280B3E00F74374 /* LeftView.m */ = {isa = PBXFileReference; fileEncoding = 4; lastKnownFileType = sourcecode.c.objc; path = LeftView.m; sourceTree = "<group>"; };
		67BBD3E615280FA600F74374 /* RightView.h */ = {isa = PBXFileReference; fileEncoding = 4; lastKnownFileType = sourcecode.c.h; path = RightView.h; sourceTree = "<group>"; };
		67BBD3E715280FA600F74374 /* RightView.m */ = {isa = PBXFileReference; fileEncoding = 4; lastKnownFileType = sourcecode.c.objc; path = RightView.m; sourceTree = "<group>"; };
		67BEDE901523F402000360EC /* Register.h */ = {isa = PBXFileReference; fileEncoding = 4; lastKnownFileType = sourcecode.c.h; name = Register.h; path = ../Register.h; sourceTree = "<group>"; };
		67BEDE911523F402000360EC /* Register.m */ = {isa = PBXFileReference; fileEncoding = 4; lastKnownFileType = sourcecode.c.objc; name = Register.m; path = ../Register.m; sourceTree = "<group>"; };
		67BEDE921523F402000360EC /* Register.xib */ = {isa = PBXFileReference; fileEncoding = 4; lastKnownFileType = file.xib; name = Register.xib; path = ../Register.xib; sourceTree = "<group>"; };
		67BEDEA71523FDA2000360EC /* CoreData.framework */ = {isa = PBXFileReference; lastKnownFileType = wrapper.framework; name = CoreData.framework; path = System/Library/Frameworks/CoreData.framework; sourceTree = SDKROOT; };
/* End PBXFileReference section */

/* Begin PBXFrameworksBuildPhase section */
		670BA818152024F80063ADE0 /* Frameworks */ = {
			isa = PBXFrameworksBuildPhase;
			buildActionMask = 2147483647;
			files = (
				67135279153BD71D0098E83A /* AudioToolbox.framework in Frameworks */,
				677C27011529FF2C00631745 /* CoreMIDI.framework in Frameworks */,
				677C26FF1529FF2700631745 /* CoreAudio.framework in Frameworks */,
				677C26FC1529FF2100631745 /* AVFoundation.framework in Frameworks */,
				67BEDEA81523FDA2000360EC /* CoreData.framework in Frameworks */,
				670BA820152024F80063ADE0 /* UIKit.framework in Frameworks */,
				670BA822152024F80063ADE0 /* Foundation.framework in Frameworks */,
				670BA824152024F80063ADE0 /* CoreGraphics.framework in Frameworks */,
			);
			runOnlyForDeploymentPostprocessing = 0;
		};
/* End PBXFrameworksBuildPhase section */

/* Begin PBXGroup section */
		670BA810152024F80063ADE0 = {
			isa = PBXGroup;
			children = (
				6713528C153C8C480098E83A /* Music */,
				67135278153BD71D0098E83A /* AudioToolbox.framework */,
				677C26F21528E75900631745 /* RightView.xib */,
				67BBD3E615280FA600F74374 /* RightView.h */,
				67BBD3E715280FA600F74374 /* RightView.m */,
				67BBD3DB15280B0900F74374 /* Master.h */,
				67BBD3DC15280B0900F74374 /* Master.m */,
				67BBD3DD15280B0900F74374 /* Master.xib */,
				67BBD3E015280B3E00F74374 /* LeftView.h */,
				67BBD3E115280B3E00F74374 /* LeftView.m */,
				678439C41527CD1D009744CC /* images */,
				670BA825152024F80063ADE0 /* Instrument */,
				670BA81E152024F80063ADE0 /* Frameworks */,
				670BA81C152024F80063ADE0 /* Products */,
			);
			sourceTree = "<group>";
		};
		670BA81C152024F80063ADE0 /* Products */ = {
			isa = PBXGroup;
			children = (
				670BA81B152024F80063ADE0 /* Instrument.app */,
			);
			name = Products;
			sourceTree = "<group>";
		};
		670BA81E152024F80063ADE0 /* Frameworks */ = {
			isa = PBXGroup;
			children = (
				677C27001529FF2C00631745 /* CoreMIDI.framework */,
				677C26FE1529FF2700631745 /* CoreAudio.framework */,
				677C26FB1529FF2100631745 /* AVFoundation.framework */,
				67BEDEA71523FDA2000360EC /* CoreData.framework */,
				670BA81F152024F80063ADE0 /* UIKit.framework */,
				670BA821152024F80063ADE0 /* Foundation.framework */,
				670BA823152024F80063ADE0 /* CoreGraphics.framework */,
			);
			name = Frameworks;
			sourceTree = "<group>";
		};
		670BA825152024F80063ADE0 /* Instrument */ = {
			isa = PBXGroup;
			children = (
				67BBD3C11527FCA900F74374 /* startMenu.h */,
				67BBD3C21527FCA900F74374 /* startMenu.m */,
				67BBD3C31527FCA900F74374 /* startMenu.xib */,
				67BEDE901523F402000360EC /* Register.h */,
				67BEDE911523F402000360EC /* Register.m */,
				67BEDE921523F402000360EC /* Register.xib */,
				6784379115265210009744CC /* Model.xcdatamodeld */,
				6784379415265249009744CC /* Users.h */,
				6784379515265249009744CC /* Users.m */,
				670BA82E152024F80063ADE0 /* AppDelegate.h */,
				670BA82F152024F80063ADE0 /* AppDelegate.m */,
				678439C51527CDED009744CC /* CoreDataAccess.h */,
				678439C61527CDED009744CC /* CoreDataAccess.m */,
				67BBD3BB1527FA7D00F74374 /* ViewController.xib */,
				670BA826152024F80063ADE0 /* Supporting Files */,
			);
			path = Instrument;
			sourceTree = "<group>";
		};
		670BA826152024F80063ADE0 /* Supporting Files */ = {
			isa = PBXGroup;
			children = (
				670BA827152024F80063ADE0 /* Instrument-Info.plist */,
				670BA828152024F80063ADE0 /* InfoPlist.strings */,
				670BA82B152024F80063ADE0 /* main.m */,
				670BA82D152024F80063ADE0 /* Instrument-Prefix.pch */,
			);
			name = "Supporting Files";
			sourceTree = "<group>";
		};
		6713528C153C8C480098E83A /* Music */ = {
			isa = PBXGroup;
			children = (
				677C27021529FFEE00631745 /* mary.mid */,
				67135283153C8C3E0098E83A /* 09alleycat.mid */,
				67135284153C8C3E0098E83A /* 05carolina.mid */,
				67135285153C8C3E0098E83A /* 03bumbee.mid */,
				67135286153C8C3E0098E83A /* 02astimegoesby.mid */,
			);
			name = Music;
			sourceTree = "<group>";
		};
		678439C41527CD1D009744CC /* images */ = {
			isa = PBXGroup;
			children = (
				678439B41526B9EE009744CC /* textfield.png */,
				678439B21526AE95009744CC /* register_bg.png */,
				67843835152666F2009744CC /* textfield_bg.png */,
			);
			name = images;
			path = Instrument;
			sourceTree = "<group>";
		};
/* End PBXGroup section */

/* Begin PBXNativeTarget section */
		670BA81A152024F80063ADE0 /* Instrument */ = {
			isa = PBXNativeTarget;
			buildConfigurationList = 670BA839152024F80063ADE0 /* Build configuration list for PBXNativeTarget "Instrument" */;
			buildPhases = (
				670BA817152024F80063ADE0 /* Sources */,
				670BA818152024F80063ADE0 /* Frameworks */,
				670BA819152024F80063ADE0 /* Resources */,
			);
			buildRules = (
			);
			dependencies = (
			);
			name = Instrument;
			productName = Instrument;
			productReference = 670BA81B152024F80063ADE0 /* Instrument.app */;
			productType = "com.apple.product-type.application";
		};
/* End PBXNativeTarget section */

/* Begin PBXProject section */
		670BA812152024F80063ADE0 /* Project object */ = {
			isa = PBXProject;
			attributes = {
				LastUpgradeCheck = 0430;
				ORGANIZATIONNAME = "Tufts University";
			};
			buildConfigurationList = 670BA815152024F80063ADE0 /* Build configuration list for PBXProject "Instrument" */;
			compatibilityVersion = "Xcode 3.2";
			developmentRegion = English;
			hasScannedForEncodings = 0;
			knownRegions = (
				en,
			);
			mainGroup = 670BA810152024F80063ADE0;
			productRefGroup = 670BA81C152024F80063ADE0 /* Products */;
			projectDirPath = "";
			projectRoot = "";
			targets = (
				670BA81A152024F80063ADE0 /* Instrument */,
			);
		};
/* End PBXProject section */

/* Begin PBXResourcesBuildPhase section */
		670BA819152024F80063ADE0 /* Resources */ = {
			isa = PBXResourcesBuildPhase;
			buildActionMask = 2147483647;
			files = (
				670BA82A152024F80063ADE0 /* InfoPlist.strings in Resources */,
				67BEDE941523F402000360EC /* Register.xib in Resources */,
				67843836152666F2009744CC /* textfield_bg.png in Resources */,
				678439B31526AE95009744CC /* register_bg.png in Resources */,
				678439B51526B9EE009744CC /* textfield.png in Resources */,
				67BBD3BD1527FA7D00F74374 /* ViewController.xib in Resources */,
				67BBD3C51527FCA900F74374 /* startMenu.xib in Resources */,
				67BBD3DF15280B0900F74374 /* Master.xib in Resources */,
				677C26F31528E75900631745 /* RightView.xib in Resources */,
				677C27031529FFEE00631745 /* mary.mid in Resources */,
				67135287153C8C3E0098E83A /* 09alleycat.mid in Resources */,
				67135288153C8C3E0098E83A /* 05carolina.mid in Resources */,
				67135289153C8C3E0098E83A /* 03bumbee.mid in Resources */,
				6713528A153C8C3E0098E83A /* 02astimegoesby.mid in Resources */,
			);
			runOnlyForDeploymentPostprocessing = 0;
		};
/* End PBXResourcesBuildPhase section */

/* Begin PBXSourcesBuildPhase section */
		670BA817152024F80063ADE0 /* Sources */ = {
			isa = PBXSourcesBuildPhase;
			buildActionMask = 2147483647;
			files = (
				670BA82C152024F80063ADE0 /* main.m in Sources */,
				670BA830152024F80063ADE0 /* AppDelegate.m in Sources */,
				67BEDE931523F402000360EC /* Register.m in Sources */,
				6784379315265210009744CC /* Model.xcdatamodeld in Sources */,
				6784379615265249009744CC /* Users.m in Sources */,
				678439C71527CDED009744CC /* CoreDataAccess.m in Sources */,
				67BBD3C41527FCA900F74374 /* startMenu.m in Sources */,
				67BBD3DE15280B0900F74374 /* Master.m in Sources */,
				67BBD3E215280B3E00F74374 /* LeftView.m in Sources */,
				67BBD3E915280FA700F74374 /* RightView.m in Sources */,
			);
			runOnlyForDeploymentPostprocessing = 0;
		};
/* End PBXSourcesBuildPhase section */

/* Begin PBXVariantGroup section */
		670BA828152024F80063ADE0 /* InfoPlist.strings */ = {
			isa = PBXVariantGroup;
			children = (
				670BA829152024F80063ADE0 /* en */,
			);
			name = InfoPlist.strings;
			sourceTree = "<group>";
		};
/* End PBXVariantGroup section */

/* Begin XCBuildConfiguration section */
		670BA837152024F80063ADE0 /* Debug */ = {
			isa = XCBuildConfiguration;
			buildSettings = {
				ALWAYS_SEARCH_USER_PATHS = NO;
				ARCHS = "$(ARCHS_STANDARD_32_BIT)";
				CLANG_ENABLE_OBJC_ARC = YES;
				"CODE_SIGN_IDENTITY[sdk=iphoneos*]" = "iPhone Developer";
				COPY_PHASE_STRIP = NO;
				GCC_C_LANGUAGE_STANDARD = gnu99;
				GCC_DYNAMIC_NO_PIC = NO;
				GCC_OPTIMIZATION_LEVEL = 0;
				GCC_PREPROCESSOR_DEFINITIONS = (
					"DEBUG=1",
					"$(inherited)",
				);
				GCC_SYMBOLS_PRIVATE_EXTERN = NO;
				GCC_VERSION = com.apple.compilers.llvm.clang.1_0;
				GCC_WARN_ABOUT_MISSING_PROTOTYPES = YES;
				GCC_WARN_ABOUT_RETURN_TYPE = YES;
				GCC_WARN_UNUSED_VARIABLE = YES;
				IPHONEOS_DEPLOYMENT_TARGET = 5.0;
				SDKROOT = iphoneos;
				TARGETED_DEVICE_FAMILY = 2;
			};
			name = Debug;
		};
		670BA838152024F80063ADE0 /* Release */ = {
			isa = XCBuildConfiguration;
			buildSettings = {
				ALWAYS_SEARCH_USER_PATHS = NO;
				ARCHS = "$(ARCHS_STANDARD_32_BIT)";
				CLANG_ENABLE_OBJC_ARC = YES;
				"CODE_SIGN_IDENTITY[sdk=iphoneos*]" = "iPhone Developer";
				COPY_PHASE_STRIP = YES;
				GCC_C_LANGUAGE_STANDARD = gnu99;
				GCC_VERSION = com.apple.compilers.llvm.clang.1_0;
				GCC_WARN_ABOUT_MISSING_PROTOTYPES = YES;
				GCC_WARN_ABOUT_RETURN_TYPE = YES;
				GCC_WARN_UNUSED_VARIABLE = YES;
				IPHONEOS_DEPLOYMENT_TARGET = 5.0;
				OTHER_CFLAGS = "-DNS_BLOCK_ASSERTIONS=1";
				SDKROOT = iphoneos;
				TARGETED_DEVICE_FAMILY = 2;
				VALIDATE_PRODUCT = YES;
			};
			name = Release;
		};
		670BA83A152024F80063ADE0 /* Debug */ = {
			isa = XCBuildConfiguration;
			buildSettings = {
				GCC_PRECOMPILE_PREFIX_HEADER = YES;
				GCC_PREFIX_HEADER = "Instrument/Instrument-Prefix.pch";
				INFOPLIST_FILE = "Instrument/Instrument-Info.plist";
				PRODUCT_NAME = "$(TARGET_NAME)";
				WRAPPER_EXTENSION = app;
			};
			name = Debug;
		};
		670BA83B152024F80063ADE0 /* Release */ = {
			isa = XCBuildConfiguration;
			buildSettings = {
				GCC_PRECOMPILE_PREFIX_HEADER = YES;
				GCC_PREFIX_HEADER = "Instrument/Instrument-Prefix.pch";
				INFOPLIST_FILE = "Instrument/Instrument-Info.plist";
				PRODUCT_NAME = "$(TARGET_NAME)";
				WRAPPER_EXTENSION = app;
			};
			name = Release;
		};
/* End XCBuildConfiguration section */

/* Begin XCConfigurationList section */
		670BA815152024F80063ADE0 /* Build configuration list for PBXProject "Instrument" */ = {
			isa = XCConfigurationList;
			buildConfigurations = (
				670BA837152024F80063ADE0 /* Debug */,
				670BA838152024F80063ADE0 /* Release */,
			);
			defaultConfigurationIsVisible = 0;
			defaultConfigurationName = Release;
		};
		670BA839152024F80063ADE0 /* Build configuration list for PBXNativeTarget "Instrument" */ = {
			isa = XCConfigurationList;
			buildConfigurations = (
				670BA83A152024F80063ADE0 /* Debug */,
				670BA83B152024F80063ADE0 /* Release */,
			);
			defaultConfigurationIsVisible = 0;
			defaultConfigurationName = Release;
		};
/* End XCConfigurationList section */

/* Begin XCVersionGroup section */
		6784379115265210009744CC /* Model.xcdatamodeld */ = {
			isa = XCVersionGroup;
			children = (
				6784379215265210009744CC /* Model.xcdatamodel */,
			);
			currentVersion = 6784379215265210009744CC /* Model.xcdatamodel */;
			path = Model.xcdatamodeld;
			sourceTree = "<group>";
			versionGroupType = wrapper.xcdatamodel;
		};
/* End XCVersionGroup section */
	};
	rootObject = 670BA812152024F80063ADE0 /* Project object */;
}
