// !$*UTF8*$!
{
	archiveVersion = 1;
	classes = {
	};
	objectVersion = 46;
	objects = {

/* Begin PBXBuildFile section */
		67075172153E165A004DEB64 /* newBG.png in Resources */ = {isa = PBXBuildFile; fileRef = 67075171153E165A004DEB64 /* newBG.png */; };
		670BA820152024F80063ADE0 /* UIKit.framework in Frameworks */ = {isa = PBXBuildFile; fileRef = 670BA81F152024F80063ADE0 /* UIKit.framework */; };
		670BA822152024F80063ADE0 /* Foundation.framework in Frameworks */ = {isa = PBXBuildFile; fileRef = 670BA821152024F80063ADE0 /* Foundation.framework */; };
		670BA824152024F80063ADE0 /* CoreGraphics.framework in Frameworks */ = {isa = PBXBuildFile; fileRef = 670BA823152024F80063ADE0 /* CoreGraphics.framework */; };
		670BA82A152024F80063ADE0 /* InfoPlist.strings in Resources */ = {isa = PBXBuildFile; fileRef = 670BA828152024F80063ADE0 /* InfoPlist.strings */; };
		670BA82C152024F80063ADE0 /* main.m in Sources */ = {isa = PBXBuildFile; fileRef = 670BA82B152024F80063ADE0 /* main.m */; };
		670BA830152024F80063ADE0 /* AppDelegate.m in Sources */ = {isa = PBXBuildFile; fileRef = 670BA82F152024F80063ADE0 /* AppDelegate.m */; };
		67135279153BD71D0098E83A /* AudioToolbox.framework in Frameworks */ = {isa = PBXBuildFile; fileRef = 67135278153BD71D0098E83A /* AudioToolbox.framework */; };
		67135287153C8C3E0098E83A /* 09alleycat.mid in Resources */ = {isa = PBXBuildFile; fileRef = 67135283153C8C3E0098E83A /* 09alleycat.mid */; };
		67135288153C8C3E0098E83A /* 05carolina.mid in Resources */ = {isa = PBXBuildFile; fileRef = 67135284153C8C3E0098E83A /* 05carolina.mid */; };
		67135289153C8C3E0098E83A /* 03bumbee.mid in Resources */ = {isa = PBXBuildFile; fileRef = 67135285153C8C3E0098E83A /* 03bumbee.mid */; };
		6713528A153C8C3E0098E83A /* 02astimegoesby.mid in Resources */ = {isa = PBXBuildFile; fileRef = 67135286153C8C3E0098E83A /* 02astimegoesby.mid */; };
		67135299153CD8D30098E83A /* start_bg.jpg in Resources */ = {isa = PBXBuildFile; fileRef = 67135298153CD8D30098E83A /* start_bg.jpg */; };
		6713529B153CDD530098E83A /* start_bg.png in Resources */ = {isa = PBXBuildFile; fileRef = 6713529A153CDD530098E83A /* start_bg.png */; };
		671352A2153D0D880098E83A /* white_key.png in Resources */ = {isa = PBXBuildFile; fileRef = 671352A1153D0D880098E83A /* white_key.png */; };
		672CF65F15585F770079CE59 /* Display_music.m in Sources */ = {isa = PBXBuildFile; fileRef = 672CF65E15585F770079CE59 /* Display_music.m */; };
		672CF6691558F7950079CE59 /* Display_setting.m in Sources */ = {isa = PBXBuildFile; fileRef = 672CF6681558F7950079CE59 /* Display_setting.m */; };
		673D4C11155ADE7F00EC840B /* 02astimegoesby.png in Resources */ = {isa = PBXBuildFile; fileRef = 673D4C0C155ADE7F00EC840B /* 02astimegoesby.png */; };
		673D4C12155ADE7F00EC840B /* alleycat.png in Resources */ = {isa = PBXBuildFile; fileRef = 673D4C0D155ADE7F00EC840B /* alleycat.png */; };
		673D4C13155ADE7F00EC840B /* br_im2_format0.pdf in Resources */ = {isa = PBXBuildFile; fileRef = 673D4C0E155ADE7F00EC840B /* br_im2_format0.pdf */; };
		673D4C14155ADE7F00EC840B /* chpn_op7_2.png in Resources */ = {isa = PBXBuildFile; fileRef = 673D4C0F155ADE7F00EC840B /* chpn_op7_2.png */; };
		673D4C15155ADE7F00EC840B /* mos_op36_6_format0.png in Resources */ = {isa = PBXBuildFile; fileRef = 673D4C10155ADE7F00EC840B /* mos_op36_6_format0.png */; };
		673D4C18155B4E9900EC840B /* Display_Score.m in Sources */ = {isa = PBXBuildFile; fileRef = 673D4C17155B4E9900EC840B /* Display_Score.m */; };
		6777C4CF154A2D6E009CEAC0 /* ArpeggioView.mm in Sources */ = {isa = PBXBuildFile; fileRef = 6777C492154A2D6E009CEAC0 /* ArpeggioView.mm */; };
		6777C4D0154A2D6E009CEAC0 /* AudioOutput.m in Sources */ = {isa = PBXBuildFile; fileRef = 6777C494154A2D6E009CEAC0 /* AudioOutput.m */; };
		6777C4D1154A2D6E009CEAC0 /* BlackKeyView.m in Sources */ = {isa = PBXBuildFile; fileRef = 6777C496154A2D6E009CEAC0 /* BlackKeyView.m */; };
		6777C4D2154A2D6E009CEAC0 /* ControlScrollView.m in Sources */ = {isa = PBXBuildFile; fileRef = 6777C498154A2D6E009CEAC0 /* ControlScrollView.m */; };
		6777C4D3154A2D6E009CEAC0 /* EnvelopeView.mm in Sources */ = {isa = PBXBuildFile; fileRef = 6777C49A154A2D6E009CEAC0 /* EnvelopeView.mm */; };
		6777C4D4154A2D6E009CEAC0 /* FilterView.mm in Sources */ = {isa = PBXBuildFile; fileRef = 6777C49C154A2D6E009CEAC0 /* FilterView.mm */; };
		6777C4D5154A2D6E009CEAC0 /* KeyboardView.m in Sources */ = {isa = PBXBuildFile; fileRef = 6777C49E154A2D6E009CEAC0 /* KeyboardView.m */; };
		6777C4D6154A2D6E009CEAC0 /* KeyView.m in Sources */ = {isa = PBXBuildFile; fileRef = 6777C4A0154A2D6E009CEAC0 /* KeyView.m */; };
		6777C4D7154A2D6E009CEAC0 /* mobilesynthAppDelegate.mm in Sources */ = {isa = PBXBuildFile; fileRef = 6777C4A2154A2D6E009CEAC0 /* mobilesynthAppDelegate.mm */; };
		6777C4D8154A2D6E009CEAC0 /* mobilesynthViewController.mm in Sources */ = {isa = PBXBuildFile; fileRef = 6777C4A4154A2D6E009CEAC0 /* mobilesynthViewController.mm */; };
		6777C4D9154A2D6E009CEAC0 /* ModulationView.mm in Sources */ = {isa = PBXBuildFile; fileRef = 6777C4A6154A2D6E009CEAC0 /* ModulationView.mm */; };
		6777C4DA154A2D6E009CEAC0 /* OctaveView.m in Sources */ = {isa = PBXBuildFile; fileRef = 6777C4A8154A2D6E009CEAC0 /* OctaveView.m */; };
		6777C4DB154A2D6E009CEAC0 /* OscillatorDetailView.mm in Sources */ = {isa = PBXBuildFile; fileRef = 6777C4AA154A2D6E009CEAC0 /* OscillatorDetailView.mm */; };
		6777C4DC154A2D6E009CEAC0 /* OscillatorView.mm in Sources */ = {isa = PBXBuildFile; fileRef = 6777C4AC154A2D6E009CEAC0 /* OscillatorView.mm */; };
		6777C4DD154A2D6E009CEAC0 /* arpeggio.cpp in Sources */ = {isa = PBXBuildFile; fileRef = 6777C4AE154A2D6E009CEAC0 /* arpeggio.cpp */; };
		6777C4DF154A2D6E009CEAC0 /* controller.cpp in Sources */ = {isa = PBXBuildFile; fileRef = 6777C4B1154A2D6E009CEAC0 /* controller.cpp */; };
		6777C4E1154A2D6E009CEAC0 /* envelope.cpp in Sources */ = {isa = PBXBuildFile; fileRef = 6777C4B4154A2D6E009CEAC0 /* envelope.cpp */; };
		6777C4E3154A2D6E009CEAC0 /* filter.cpp in Sources */ = {isa = PBXBuildFile; fileRef = 6777C4B7154A2D6E009CEAC0 /* filter.cpp */; };
		6777C4E4154A2D6E009CEAC0 /* key_stack.cpp in Sources */ = {isa = PBXBuildFile; fileRef = 6777C4B9154A2D6E009CEAC0 /* key_stack.cpp */; };
		6777C4E6154A2D6E009CEAC0 /* lag_processor.cpp in Sources */ = {isa = PBXBuildFile; fileRef = 6777C4BC154A2D6E009CEAC0 /* lag_processor.cpp */; };
		6777C4E9154A2D6E009CEAC0 /* modulation.cpp in Sources */ = {isa = PBXBuildFile; fileRef = 6777C4C0154A2D6E009CEAC0 /* modulation.cpp */; };
		6777C4EB154A2D6E009CEAC0 /* oscillator.cpp in Sources */ = {isa = PBXBuildFile; fileRef = 6777C4C3154A2D6E009CEAC0 /* oscillator.cpp */; };
		6777C4ED154A2D6E009CEAC0 /* parameter.cpp in Sources */ = {isa = PBXBuildFile; fileRef = 6777C4C6154A2D6E009CEAC0 /* parameter.cpp */; };
		6777C4EF154A2D6E009CEAC0 /* TouchForwardingUIScrollView.m in Sources */ = {isa = PBXBuildFile; fileRef = 6777C4CC154A2D6E009CEAC0 /* TouchForwardingUIScrollView.m */; };
		6777C4F0154A2D6E009CEAC0 /* WhiteKeyView.m in Sources */ = {isa = PBXBuildFile; fileRef = 6777C4CE154A2D6E009CEAC0 /* WhiteKeyView.m */; };
		677C26F31528E75900631745 /* RightView.xib in Resources */ = {isa = PBXBuildFile; fileRef = 677C26F21528E75900631745 /* RightView.xib */; };
		677C26FC1529FF2100631745 /* AVFoundation.framework in Frameworks */ = {isa = PBXBuildFile; fileRef = 677C26FB1529FF2100631745 /* AVFoundation.framework */; };
		677C26FF1529FF2700631745 /* CoreAudio.framework in Frameworks */ = {isa = PBXBuildFile; fileRef = 677C26FE1529FF2700631745 /* CoreAudio.framework */; };
		677C27011529FF2C00631745 /* CoreMIDI.framework in Frameworks */ = {isa = PBXBuildFile; fileRef = 677C27001529FF2C00631745 /* CoreMIDI.framework */; };
		677C27031529FFEE00631745 /* mary.mid in Resources */ = {isa = PBXBuildFile; fileRef = 677C27021529FFEE00631745 /* mary.mid */; };
		6784379315265210009744CC /* Model.xcdatamodeld in Sources */ = {isa = PBXBuildFile; fileRef = 6784379115265210009744CC /* Model.xcdatamodeld */; };
		6784379615265249009744CC /* Users.m in Sources */ = {isa = PBXBuildFile; fileRef = 6784379515265249009744CC /* Users.m */; };
		67843836152666F2009744CC /* textfield_bg.png in Resources */ = {isa = PBXBuildFile; fileRef = 67843835152666F2009744CC /* textfield_bg.png */; };
		678439B51526B9EE009744CC /* textfield.png in Resources */ = {isa = PBXBuildFile; fileRef = 678439B41526B9EE009744CC /* textfield.png */; };
		678439C71527CDED009744CC /* CoreDataAccess.m in Sources */ = {isa = PBXBuildFile; fileRef = 678439C61527CDED009744CC /* CoreDataAccess.m */; };
		67BAC46F1549C51B004EC7CC /* Icon.png in Resources */ = {isa = PBXBuildFile; fileRef = 67BAC4611549C51B004EC7CC /* Icon.png */; };
		67BAC4701549C51B004EC7CC /* release.png in Resources */ = {isa = PBXBuildFile; fileRef = 67BAC4621549C51B004EC7CC /* release.png */; };
		67BAC4711549C51B004EC7CC /* sustain.png in Resources */ = {isa = PBXBuildFile; fileRef = 67BAC4631549C51B004EC7CC /* sustain.png */; };
		67BAC4721549C51B004EC7CC /* decay.png in Resources */ = {isa = PBXBuildFile; fileRef = 67BAC4641549C51B004EC7CC /* decay.png */; };
		67BAC4731549C51B004EC7CC /* attack.png in Resources */ = {isa = PBXBuildFile; fileRef = 67BAC4651549C51B004EC7CC /* attack.png */; };
		67BAC4741549C51B004EC7CC /* reverse-sawtooth-wave.png in Resources */ = {isa = PBXBuildFile; fileRef = 67BAC4661549C51B004EC7CC /* reverse-sawtooth-wave.png */; };
		67BAC4751549C51B004EC7CC /* sawtooth-wave.png in Resources */ = {isa = PBXBuildFile; fileRef = 67BAC4671549C51B004EC7CC /* sawtooth-wave.png */; };
		67BAC4761549C51B004EC7CC /* triangle-wave.png in Resources */ = {isa = PBXBuildFile; fileRef = 67BAC4681549C51B004EC7CC /* triangle-wave.png */; };
		67BAC4771549C51B004EC7CC /* square-wave.png in Resources */ = {isa = PBXBuildFile; fileRef = 67BAC4691549C51B004EC7CC /* square-wave.png */; };
		67BAC4781549C51B004EC7CC /* mobilesynth.png in Resources */ = {isa = PBXBuildFile; fileRef = 67BAC46A1549C51B004EC7CC /* mobilesynth.png */; };
		67BAC4791549C51B004EC7CC /* mobilesynthViewController.xib in Resources */ = {isa = PBXBuildFile; fileRef = 67BAC46B1549C51B004EC7CC /* mobilesynthViewController.xib */; };
		67BAC47A1549C51B004EC7CC /* MainWindow.xib in Resources */ = {isa = PBXBuildFile; fileRef = 67BAC46C1549C51B004EC7CC /* MainWindow.xib */; };
		67BAC47B1549C51B004EC7CC /* Info.plist in Resources */ = {isa = PBXBuildFile; fileRef = 67BAC46D1549C51B004EC7CC /* Info.plist */; };
		67BAC47E1549C553004EC7CC /* MainWindow-iPad.xib in Resources */ = {isa = PBXBuildFile; fileRef = 67BAC47D1549C553004EC7CC /* MainWindow-iPad.xib */; };
		67BBD3BD1527FA7D00F74374 /* ViewController.xib in Resources */ = {isa = PBXBuildFile; fileRef = 67BBD3BB1527FA7D00F74374 /* ViewController.xib */; };
		67BBD3C41527FCA900F74374 /* startMenu.mm in Sources */ = {isa = PBXBuildFile; fileRef = 67BBD3C21527FCA900F74374 /* startMenu.mm */; };
		67BBD3C51527FCA900F74374 /* startMenu.xib in Resources */ = {isa = PBXBuildFile; fileRef = 67BBD3C31527FCA900F74374 /* startMenu.xib */; };
		67BBD3DE15280B0900F74374 /* Master.m in Sources */ = {isa = PBXBuildFile; fileRef = 67BBD3DC15280B0900F74374 /* Master.m */; };
		67BBD3DF15280B0900F74374 /* Master.xib in Resources */ = {isa = PBXBuildFile; fileRef = 67BBD3DD15280B0900F74374 /* Master.xib */; };
		67BBD3E215280B3E00F74374 /* LeftView.m in Sources */ = {isa = PBXBuildFile; fileRef = 67BBD3E115280B3E00F74374 /* LeftView.m */; };
		67BBD3E915280FA700F74374 /* RightView.mm in Sources */ = {isa = PBXBuildFile; fileRef = 67BBD3E715280FA600F74374 /* RightView.mm */; };
		67BEDE931523F402000360EC /* Register.m in Sources */ = {isa = PBXBuildFile; fileRef = 67BEDE911523F402000360EC /* Register.m */; };
		67BEDE941523F402000360EC /* Register.xib in Resources */ = {isa = PBXBuildFile; fileRef = 67BEDE921523F402000360EC /* Register.xib */; };
		67BEDEA81523FDA2000360EC /* CoreData.framework in Frameworks */ = {isa = PBXBuildFile; fileRef = 67BEDEA71523FDA2000360EC /* CoreData.framework */; };
/* End PBXBuildFile section */

/* Begin PBXFileReference section */
		67075171153E165A004DEB64 /* newBG.png */ = {isa = PBXFileReference; lastKnownFileType = image.png; path = newBG.png; sourceTree = "<group>"; };
		670BA81B152024F80063ADE0 /* Instrument.app */ = {isa = PBXFileReference; explicitFileType = wrapper.application; includeInIndex = 0; path = Instrument.app; sourceTree = BUILT_PRODUCTS_DIR; };
		670BA81F152024F80063ADE0 /* UIKit.framework */ = {isa = PBXFileReference; lastKnownFileType = wrapper.framework; name = UIKit.framework; path = System/Library/Frameworks/UIKit.framework; sourceTree = SDKROOT; };
		670BA821152024F80063ADE0 /* Foundation.framework */ = {isa = PBXFileReference; lastKnownFileType = wrapper.framework; name = Foundation.framework; path = System/Library/Frameworks/Foundation.framework; sourceTree = SDKROOT; };
		670BA823152024F80063ADE0 /* CoreGraphics.framework */ = {isa = PBXFileReference; lastKnownFileType = wrapper.framework; name = CoreGraphics.framework; path = System/Library/Frameworks/CoreGraphics.framework; sourceTree = SDKROOT; };
		670BA827152024F80063ADE0 /* Instrument-Info.plist */ = {isa = PBXFileReference; lastKnownFileType = text.plist.xml; path = "Instrument-Info.plist"; sourceTree = "<group>"; };
		670BA829152024F80063ADE0 /* en */ = {isa = PBXFileReference; lastKnownFileType = text.plist.strings; name = en; path = en.lproj/InfoPlist.strings; sourceTree = "<group>"; };
		670BA82B152024F80063ADE0 /* main.m */ = {isa = PBXFileReference; lastKnownFileType = sourcecode.c.objc; path = main.m; sourceTree = "<group>"; };
		670BA82D152024F80063ADE0 /* Instrument-Prefix.pch */ = {isa = PBXFileReference; lastKnownFileType = sourcecode.c.h; path = "Instrument-Prefix.pch"; sourceTree = "<group>"; };
		670BA82E152024F80063ADE0 /* AppDelegate.h */ = {isa = PBXFileReference; lastKnownFileType = sourcecode.c.h; path = AppDelegate.h; sourceTree = "<group>"; };
		670BA82F152024F80063ADE0 /* AppDelegate.m */ = {isa = PBXFileReference; lastKnownFileType = sourcecode.c.objc; path = AppDelegate.m; sourceTree = "<group>"; };
		67135278153BD71D0098E83A /* AudioToolbox.framework */ = {isa = PBXFileReference; lastKnownFileType = wrapper.framework; name = AudioToolbox.framework; path = System/Library/Frameworks/AudioToolbox.framework; sourceTree = SDKROOT; };
		67135283153C8C3E0098E83A /* 09alleycat.mid */ = {isa = PBXFileReference; lastKnownFileType = audio.midi; path = 09alleycat.mid; sourceTree = "<group>"; };
		67135284153C8C3E0098E83A /* 05carolina.mid */ = {isa = PBXFileReference; lastKnownFileType = audio.midi; path = 05carolina.mid; sourceTree = "<group>"; };
		67135285153C8C3E0098E83A /* 03bumbee.mid */ = {isa = PBXFileReference; lastKnownFileType = audio.midi; path = 03bumbee.mid; sourceTree = "<group>"; };
		67135286153C8C3E0098E83A /* 02astimegoesby.mid */ = {isa = PBXFileReference; lastKnownFileType = audio.midi; path = 02astimegoesby.mid; sourceTree = "<group>"; };
		67135298153CD8D30098E83A /* start_bg.jpg */ = {isa = PBXFileReference; lastKnownFileType = image.jpeg; name = start_bg.jpg; path = ../start_bg.jpg; sourceTree = "<group>"; };
		6713529A153CDD530098E83A /* start_bg.png */ = {isa = PBXFileReference; lastKnownFileType = image.png; path = start_bg.png; sourceTree = "<group>"; };
		671352A1153D0D880098E83A /* white_key.png */ = {isa = PBXFileReference; lastKnownFileType = image.png; path = white_key.png; sourceTree = "<group>"; };
		672CF65D15585F770079CE59 /* Display_music.h */ = {isa = PBXFileReference; fileEncoding = 4; lastKnownFileType = sourcecode.c.h; name = Display_music.h; path = ../Display_music.h; sourceTree = "<group>"; };
		672CF65E15585F770079CE59 /* Display_music.m */ = {isa = PBXFileReference; fileEncoding = 4; lastKnownFileType = sourcecode.c.objc; name = Display_music.m; path = ../Display_music.m; sourceTree = "<group>"; };
		672CF6671558F7950079CE59 /* Display_setting.h */ = {isa = PBXFileReference; fileEncoding = 4; lastKnownFileType = sourcecode.c.h; name = Display_setting.h; path = ../Display_setting.h; sourceTree = "<group>"; };
		672CF6681558F7950079CE59 /* Display_setting.m */ = {isa = PBXFileReference; fileEncoding = 4; lastKnownFileType = sourcecode.c.objc; name = Display_setting.m; path = ../Display_setting.m; sourceTree = "<group>"; };
		673D4C0C155ADE7F00EC840B /* 02astimegoesby.png */ = {isa = PBXFileReference; lastKnownFileType = image.png; path = 02astimegoesby.png; sourceTree = "<group>"; };
		673D4C0D155ADE7F00EC840B /* alleycat.png */ = {isa = PBXFileReference; lastKnownFileType = image.png; path = alleycat.png; sourceTree = "<group>"; };
		673D4C0E155ADE7F00EC840B /* br_im2_format0.pdf */ = {isa = PBXFileReference; lastKnownFileType = image.pdf; path = br_im2_format0.pdf; sourceTree = "<group>"; };
		673D4C0F155ADE7F00EC840B /* chpn_op7_2.png */ = {isa = PBXFileReference; lastKnownFileType = image.png; path = chpn_op7_2.png; sourceTree = "<group>"; };
		673D4C10155ADE7F00EC840B /* mos_op36_6_format0.png */ = {isa = PBXFileReference; lastKnownFileType = image.png; path = mos_op36_6_format0.png; sourceTree = "<group>"; };
		673D4C16155B4E9900EC840B /* Display_Score.h */ = {isa = PBXFileReference; fileEncoding = 4; lastKnownFileType = sourcecode.c.h; path = Display_Score.h; sourceTree = "<group>"; };
		673D4C17155B4E9900EC840B /* Display_Score.m */ = {isa = PBXFileReference; fileEncoding = 4; lastKnownFileType = sourcecode.c.objc; path = Display_Score.m; sourceTree = "<group>"; };
		6777C491154A2D6E009CEAC0 /* ArpeggioView.h */ = {isa = PBXFileReference; fileEncoding = 4; lastKnownFileType = sourcecode.c.h; path = ArpeggioView.h; sourceTree = "<group>"; };
		6777C492154A2D6E009CEAC0 /* ArpeggioView.mm */ = {isa = PBXFileReference; fileEncoding = 4; lastKnownFileType = sourcecode.cpp.objcpp; path = ArpeggioView.mm; sourceTree = "<group>"; };
		6777C493154A2D6E009CEAC0 /* AudioOutput.h */ = {isa = PBXFileReference; fileEncoding = 4; lastKnownFileType = sourcecode.c.h; path = AudioOutput.h; sourceTree = "<group>"; };
		6777C494154A2D6E009CEAC0 /* AudioOutput.m */ = {isa = PBXFileReference; fileEncoding = 4; lastKnownFileType = sourcecode.c.objc; path = AudioOutput.m; sourceTree = "<group>"; };
		6777C495154A2D6E009CEAC0 /* BlackKeyView.h */ = {isa = PBXFileReference; fileEncoding = 4; lastKnownFileType = sourcecode.c.h; path = BlackKeyView.h; sourceTree = "<group>"; };
		6777C496154A2D6E009CEAC0 /* BlackKeyView.m */ = {isa = PBXFileReference; fileEncoding = 4; lastKnownFileType = sourcecode.c.objc; path = BlackKeyView.m; sourceTree = "<group>"; };
		6777C497154A2D6E009CEAC0 /* ControlScrollView.h */ = {isa = PBXFileReference; fileEncoding = 4; lastKnownFileType = sourcecode.c.h; path = ControlScrollView.h; sourceTree = "<group>"; };
		6777C498154A2D6E009CEAC0 /* ControlScrollView.m */ = {isa = PBXFileReference; fileEncoding = 4; lastKnownFileType = sourcecode.c.objc; path = ControlScrollView.m; sourceTree = "<group>"; };
		6777C499154A2D6E009CEAC0 /* EnvelopeView.h */ = {isa = PBXFileReference; fileEncoding = 4; lastKnownFileType = sourcecode.c.h; path = EnvelopeView.h; sourceTree = "<group>"; };
		6777C49A154A2D6E009CEAC0 /* EnvelopeView.mm */ = {isa = PBXFileReference; fileEncoding = 4; lastKnownFileType = sourcecode.cpp.objcpp; path = EnvelopeView.mm; sourceTree = "<group>"; };
		6777C49B154A2D6E009CEAC0 /* FilterView.h */ = {isa = PBXFileReference; fileEncoding = 4; lastKnownFileType = sourcecode.c.h; path = FilterView.h; sourceTree = "<group>"; };
		6777C49C154A2D6E009CEAC0 /* FilterView.mm */ = {isa = PBXFileReference; fileEncoding = 4; lastKnownFileType = sourcecode.cpp.objcpp; path = FilterView.mm; sourceTree = "<group>"; };
		6777C49D154A2D6E009CEAC0 /* KeyboardView.h */ = {isa = PBXFileReference; fileEncoding = 4; lastKnownFileType = sourcecode.c.h; path = KeyboardView.h; sourceTree = "<group>"; };
		6777C49E154A2D6E009CEAC0 /* KeyboardView.m */ = {isa = PBXFileReference; fileEncoding = 4; lastKnownFileType = sourcecode.c.objc; path = KeyboardView.m; sourceTree = "<group>"; };
		6777C49F154A2D6E009CEAC0 /* KeyView.h */ = {isa = PBXFileReference; fileEncoding = 4; lastKnownFileType = sourcecode.c.h; path = KeyView.h; sourceTree = "<group>"; };
		6777C4A0154A2D6E009CEAC0 /* KeyView.m */ = {isa = PBXFileReference; fileEncoding = 4; lastKnownFileType = sourcecode.c.objc; path = KeyView.m; sourceTree = "<group>"; };
		6777C4A1154A2D6E009CEAC0 /* mobilesynthAppDelegate.h */ = {isa = PBXFileReference; fileEncoding = 4; lastKnownFileType = sourcecode.c.h; path = mobilesynthAppDelegate.h; sourceTree = "<group>"; };
		6777C4A2154A2D6E009CEAC0 /* mobilesynthAppDelegate.mm */ = {isa = PBXFileReference; fileEncoding = 4; lastKnownFileType = sourcecode.cpp.objcpp; path = mobilesynthAppDelegate.mm; sourceTree = "<group>"; };
		6777C4A3154A2D6E009CEAC0 /* mobilesynthViewController.h */ = {isa = PBXFileReference; fileEncoding = 4; lastKnownFileType = sourcecode.c.h; path = mobilesynthViewController.h; sourceTree = "<group>"; };
		6777C4A4154A2D6E009CEAC0 /* mobilesynthViewController.mm */ = {isa = PBXFileReference; fileEncoding = 4; lastKnownFileType = sourcecode.cpp.objcpp; path = mobilesynthViewController.mm; sourceTree = "<group>"; };
		6777C4A5154A2D6E009CEAC0 /* ModulationView.h */ = {isa = PBXFileReference; fileEncoding = 4; lastKnownFileType = sourcecode.c.h; path = ModulationView.h; sourceTree = "<group>"; };
		6777C4A6154A2D6E009CEAC0 /* ModulationView.mm */ = {isa = PBXFileReference; fileEncoding = 4; lastKnownFileType = sourcecode.cpp.objcpp; path = ModulationView.mm; sourceTree = "<group>"; };
		6777C4A7154A2D6E009CEAC0 /* OctaveView.h */ = {isa = PBXFileReference; fileEncoding = 4; lastKnownFileType = sourcecode.c.h; path = OctaveView.h; sourceTree = "<group>"; };
		6777C4A8154A2D6E009CEAC0 /* OctaveView.m */ = {isa = PBXFileReference; fileEncoding = 4; lastKnownFileType = sourcecode.c.objc; path = OctaveView.m; sourceTree = "<group>"; };
		6777C4A9154A2D6E009CEAC0 /* OscillatorDetailView.h */ = {isa = PBXFileReference; fileEncoding = 4; lastKnownFileType = sourcecode.c.h; path = OscillatorDetailView.h; sourceTree = "<group>"; };
		6777C4AA154A2D6E009CEAC0 /* OscillatorDetailView.mm */ = {isa = PBXFileReference; fileEncoding = 4; lastKnownFileType = sourcecode.cpp.objcpp; path = OscillatorDetailView.mm; sourceTree = "<group>"; };
		6777C4AB154A2D6E009CEAC0 /* OscillatorView.h */ = {isa = PBXFileReference; fileEncoding = 4; lastKnownFileType = sourcecode.c.h; path = OscillatorView.h; sourceTree = "<group>"; };
		6777C4AC154A2D6E009CEAC0 /* OscillatorView.mm */ = {isa = PBXFileReference; fileEncoding = 4; lastKnownFileType = sourcecode.cpp.objcpp; path = OscillatorView.mm; sourceTree = "<group>"; };
		6777C4AE154A2D6E009CEAC0 /* arpeggio.cpp */ = {isa = PBXFileReference; fileEncoding = 4; lastKnownFileType = sourcecode.cpp.cpp; path = arpeggio.cpp; sourceTree = "<group>"; };
		6777C4AF154A2D6E009CEAC0 /* arpeggio.h */ = {isa = PBXFileReference; fileEncoding = 4; lastKnownFileType = sourcecode.c.h; path = arpeggio.h; sourceTree = "<group>"; };
		6777C4B1154A2D6E009CEAC0 /* controller.cpp */ = {isa = PBXFileReference; fileEncoding = 4; lastKnownFileType = sourcecode.cpp.cpp; path = controller.cpp; sourceTree = "<group>"; };
		6777C4B2154A2D6E009CEAC0 /* controller.h */ = {isa = PBXFileReference; fileEncoding = 4; lastKnownFileType = sourcecode.c.h; path = controller.h; sourceTree = "<group>"; };
		6777C4B4154A2D6E009CEAC0 /* envelope.cpp */ = {isa = PBXFileReference; fileEncoding = 4; lastKnownFileType = sourcecode.cpp.cpp; path = envelope.cpp; sourceTree = "<group>"; };
		6777C4B5154A2D6E009CEAC0 /* envelope.h */ = {isa = PBXFileReference; fileEncoding = 4; lastKnownFileType = sourcecode.c.h; path = envelope.h; sourceTree = "<group>"; };
		6777C4B7154A2D6E009CEAC0 /* filter.cpp */ = {isa = PBXFileReference; fileEncoding = 4; lastKnownFileType = sourcecode.cpp.cpp; path = filter.cpp; sourceTree = "<group>"; };
		6777C4B8154A2D6E009CEAC0 /* filter.h */ = {isa = PBXFileReference; fileEncoding = 4; lastKnownFileType = sourcecode.c.h; path = filter.h; sourceTree = "<group>"; };
		6777C4B9154A2D6E009CEAC0 /* key_stack.cpp */ = {isa = PBXFileReference; fileEncoding = 4; lastKnownFileType = sourcecode.cpp.cpp; path = key_stack.cpp; sourceTree = "<group>"; };
		6777C4BA154A2D6E009CEAC0 /* key_stack.h */ = {isa = PBXFileReference; fileEncoding = 4; lastKnownFileType = sourcecode.c.h; path = key_stack.h; sourceTree = "<group>"; };
		6777C4BC154A2D6E009CEAC0 /* lag_processor.cpp */ = {isa = PBXFileReference; fileEncoding = 4; lastKnownFileType = sourcecode.cpp.cpp; path = lag_processor.cpp; sourceTree = "<group>"; };
		6777C4BD154A2D6E009CEAC0 /* lag_processor.h */ = {isa = PBXFileReference; fileEncoding = 4; lastKnownFileType = sourcecode.c.h; path = lag_processor.h; sourceTree = "<group>"; };
		6777C4C0154A2D6E009CEAC0 /* modulation.cpp */ = {isa = PBXFileReference; fileEncoding = 4; lastKnownFileType = sourcecode.cpp.cpp; path = modulation.cpp; sourceTree = "<group>"; };
		6777C4C1154A2D6E009CEAC0 /* modulation.h */ = {isa = PBXFileReference; fileEncoding = 4; lastKnownFileType = sourcecode.c.h; path = modulation.h; sourceTree = "<group>"; };
		6777C4C3154A2D6E009CEAC0 /* oscillator.cpp */ = {isa = PBXFileReference; fileEncoding = 4; lastKnownFileType = sourcecode.cpp.cpp; path = oscillator.cpp; sourceTree = "<group>"; };
		6777C4C4154A2D6E009CEAC0 /* oscillator.h */ = {isa = PBXFileReference; fileEncoding = 4; lastKnownFileType = sourcecode.c.h; path = oscillator.h; sourceTree = "<group>"; };
		6777C4C6154A2D6E009CEAC0 /* parameter.cpp */ = {isa = PBXFileReference; fileEncoding = 4; lastKnownFileType = sourcecode.cpp.cpp; path = parameter.cpp; sourceTree = "<group>"; };
		6777C4C7154A2D6E009CEAC0 /* parameter.h */ = {isa = PBXFileReference; fileEncoding = 4; lastKnownFileType = sourcecode.c.h; path = parameter.h; sourceTree = "<group>"; };
		6777C4CA154A2D6E009CEAC0 /* test_util.h */ = {isa = PBXFileReference; fileEncoding = 4; lastKnownFileType = sourcecode.c.h; path = test_util.h; sourceTree = "<group>"; };
		6777C4CB154A2D6E009CEAC0 /* TouchForwardingUIScrollView.h */ = {isa = PBXFileReference; fileEncoding = 4; lastKnownFileType = sourcecode.c.h; path = TouchForwardingUIScrollView.h; sourceTree = "<group>"; };
		6777C4CC154A2D6E009CEAC0 /* TouchForwardingUIScrollView.m */ = {isa = PBXFileReference; fileEncoding = 4; lastKnownFileType = sourcecode.c.objc; path = TouchForwardingUIScrollView.m; sourceTree = "<group>"; };
		6777C4CD154A2D6E009CEAC0 /* WhiteKeyView.h */ = {isa = PBXFileReference; fileEncoding = 4; lastKnownFileType = sourcecode.c.h; path = WhiteKeyView.h; sourceTree = "<group>"; };
		6777C4CE154A2D6E009CEAC0 /* WhiteKeyView.m */ = {isa = PBXFileReference; fileEncoding = 4; lastKnownFileType = sourcecode.c.objc; path = WhiteKeyView.m; sourceTree = "<group>"; };
		677C26F21528E75900631745 /* RightView.xib */ = {isa = PBXFileReference; fileEncoding = 4; lastKnownFileType = file.xib; name = RightView.xib; path = ../RightView.xib; sourceTree = "<group>"; };
		677C26FB1529FF2100631745 /* AVFoundation.framework */ = {isa = PBXFileReference; lastKnownFileType = wrapper.framework; name = AVFoundation.framework; path = System/Library/Frameworks/AVFoundation.framework; sourceTree = SDKROOT; };
		677C26FE1529FF2700631745 /* CoreAudio.framework */ = {isa = PBXFileReference; lastKnownFileType = wrapper.framework; name = CoreAudio.framework; path = System/Library/Frameworks/CoreAudio.framework; sourceTree = SDKROOT; };
		677C27001529FF2C00631745 /* CoreMIDI.framework */ = {isa = PBXFileReference; lastKnownFileType = wrapper.framework; name = CoreMIDI.framework; path = System/Library/Frameworks/CoreMIDI.framework; sourceTree = SDKROOT; };
		677C27021529FFEE00631745 /* mary.mid */ = {isa = PBXFileReference; lastKnownFileType = audio.midi; name = mary.mid; path = ../../Downloads/mary.mid; sourceTree = "<group>"; };
		6784379215265210009744CC /* Model.xcdatamodel */ = {isa = PBXFileReference; lastKnownFileType = wrapper.xcdatamodel; path = Model.xcdatamodel; sourceTree = "<group>"; };
		6784379415265249009744CC /* Users.h */ = {isa = PBXFileReference; fileEncoding = 4; lastKnownFileType = sourcecode.c.h; path = Users.h; sourceTree = "<group>"; };
		6784379515265249009744CC /* Users.m */ = {isa = PBXFileReference; fileEncoding = 4; lastKnownFileType = sourcecode.c.objc; path = Users.m; sourceTree = "<group>"; };
		67843835152666F2009744CC /* textfield_bg.png */ = {isa = PBXFileReference; lastKnownFileType = image.png; name = textfield_bg.png; path = ../textfield_bg.png; sourceTree = "<group>"; };
		678439B41526B9EE009744CC /* textfield.png */ = {isa = PBXFileReference; lastKnownFileType = image.png; name = textfield.png; path = ../textfield.png; sourceTree = "<group>"; };
		678439C51527CDED009744CC /* CoreDataAccess.h */ = {isa = PBXFileReference; fileEncoding = 4; lastKnownFileType = sourcecode.c.h; path = CoreDataAccess.h; sourceTree = "<group>"; };
		678439C61527CDED009744CC /* CoreDataAccess.m */ = {isa = PBXFileReference; fileEncoding = 4; lastKnownFileType = sourcecode.c.objc; path = CoreDataAccess.m; sourceTree = "<group>"; };
		67B661E7155A0F6A00A9A056 /* RightView.h */ = {isa = PBXFileReference; fileEncoding = 4; lastKnownFileType = sourcecode.c.h; path = RightView.h; sourceTree = "<group>"; };
		67BAC45C1549C4DE004EC7CC /* mobilesynth_Prefix.pch */ = {isa = PBXFileReference; fileEncoding = 4; lastKnownFileType = sourcecode.c.h; path = mobilesynth_Prefix.pch; sourceTree = "<group>"; };
		67BAC4601549C51B004EC7CC /* Default.png */ = {isa = PBXFileReference; lastKnownFileType = image.png; path = Default.png; sourceTree = "<group>"; };
		67BAC4611549C51B004EC7CC /* Icon.png */ = {isa = PBXFileReference; lastKnownFileType = image.png; path = Icon.png; sourceTree = "<group>"; };
		67BAC4621549C51B004EC7CC /* release.png */ = {isa = PBXFileReference; lastKnownFileType = image.png; path = release.png; sourceTree = "<group>"; };
		67BAC4631549C51B004EC7CC /* sustain.png */ = {isa = PBXFileReference; lastKnownFileType = image.png; path = sustain.png; sourceTree = "<group>"; };
		67BAC4641549C51B004EC7CC /* decay.png */ = {isa = PBXFileReference; lastKnownFileType = image.png; path = decay.png; sourceTree = "<group>"; };
		67BAC4651549C51B004EC7CC /* attack.png */ = {isa = PBXFileReference; lastKnownFileType = image.png; path = attack.png; sourceTree = "<group>"; };
		67BAC4661549C51B004EC7CC /* reverse-sawtooth-wave.png */ = {isa = PBXFileReference; lastKnownFileType = image.png; path = "reverse-sawtooth-wave.png"; sourceTree = "<group>"; };
		67BAC4671549C51B004EC7CC /* sawtooth-wave.png */ = {isa = PBXFileReference; lastKnownFileType = image.png; path = "sawtooth-wave.png"; sourceTree = "<group>"; };
		67BAC4681549C51B004EC7CC /* triangle-wave.png */ = {isa = PBXFileReference; lastKnownFileType = image.png; path = "triangle-wave.png"; sourceTree = "<group>"; };
		67BAC4691549C51B004EC7CC /* square-wave.png */ = {isa = PBXFileReference; lastKnownFileType = image.png; path = "square-wave.png"; sourceTree = "<group>"; };
		67BAC46A1549C51B004EC7CC /* mobilesynth.png */ = {isa = PBXFileReference; lastKnownFileType = image.png; path = mobilesynth.png; sourceTree = "<group>"; };
		67BAC46B1549C51B004EC7CC /* mobilesynthViewController.xib */ = {isa = PBXFileReference; fileEncoding = 4; lastKnownFileType = file.xib; path = mobilesynthViewController.xib; sourceTree = "<group>"; };
		67BAC46C1549C51B004EC7CC /* MainWindow.xib */ = {isa = PBXFileReference; fileEncoding = 4; lastKnownFileType = file.xib; path = MainWindow.xib; sourceTree = "<group>"; };
		67BAC46D1549C51B004EC7CC /* Info.plist */ = {isa = PBXFileReference; fileEncoding = 4; lastKnownFileType = text.plist.xml; path = Info.plist; sourceTree = "<group>"; };
		67BAC47D1549C553004EC7CC /* MainWindow-iPad.xib */ = {isa = PBXFileReference; fileEncoding = 4; lastKnownFileType = file.xib; path = "MainWindow-iPad.xib"; sourceTree = "<group>"; };
		67BBD3BB1527FA7D00F74374 /* ViewController.xib */ = {isa = PBXFileReference; fileEncoding = 4; lastKnownFileType = file.xib; path = ViewController.xib; sourceTree = "<group>"; };
		67BBD3C11527FCA900F74374 /* startMenu.h */ = {isa = PBXFileReference; fileEncoding = 4; lastKnownFileType = sourcecode.c.h; name = startMenu.h; path = ../startMenu.h; sourceTree = "<group>"; };
		67BBD3C21527FCA900F74374 /* startMenu.mm */ = {isa = PBXFileReference; fileEncoding = 4; lastKnownFileType = sourcecode.cpp.objcpp; name = startMenu.mm; path = ../startMenu.mm; sourceTree = "<group>"; };
		67BBD3C31527FCA900F74374 /* startMenu.xib */ = {isa = PBXFileReference; fileEncoding = 4; lastKnownFileType = file.xib; name = startMenu.xib; path = ../startMenu.xib; sourceTree = "<group>"; };
		67BBD3DB15280B0900F74374 /* Master.h */ = {isa = PBXFileReference; fileEncoding = 4; lastKnownFileType = sourcecode.c.h; name = Master.h; path = ../Master.h; sourceTree = "<group>"; };
		67BBD3DC15280B0900F74374 /* Master.m */ = {isa = PBXFileReference; fileEncoding = 4; lastKnownFileType = sourcecode.c.objc; name = Master.m; path = ../Master.m; sourceTree = "<group>"; };
		67BBD3DD15280B0900F74374 /* Master.xib */ = {isa = PBXFileReference; fileEncoding = 4; lastKnownFileType = file.xib; name = Master.xib; path = ../Master.xib; sourceTree = "<group>"; };
		67BBD3E015280B3E00F74374 /* LeftView.h */ = {isa = PBXFileReference; fileEncoding = 4; lastKnownFileType = sourcecode.c.h; name = LeftView.h; path = ../LeftView.h; sourceTree = "<group>"; };
		67BBD3E115280B3E00F74374 /* LeftView.m */ = {isa = PBXFileReference; fileEncoding = 4; lastKnownFileType = sourcecode.c.objc; name = LeftView.m; path = ../LeftView.m; sourceTree = "<group>"; };
		67BBD3E715280FA600F74374 /* RightView.mm */ = {isa = PBXFileReference; fileEncoding = 4; lastKnownFileType = sourcecode.cpp.objcpp; name = RightView.mm; path = ../RightView.mm; sourceTree = "<group>"; };
		67BEDE901523F402000360EC /* Register.h */ = {isa = PBXFileReference; fileEncoding = 4; lastKnownFileType = sourcecode.c.h; name = Register.h; path = ../Register.h; sourceTree = "<group>"; };
		67BEDE911523F402000360EC /* Register.m */ = {isa = PBXFileReference; fileEncoding = 4; lastKnownFileType = sourcecode.c.objc; name = Register.m; path = ../Register.m; sourceTree = "<group>"; };
		67BEDE921523F402000360EC /* Register.xib */ = {isa = PBXFileReference; fileEncoding = 4; lastKnownFileType = file.xib; name = Register.xib; path = ../Register.xib; sourceTree = "<group>"; };
		67BEDEA71523FDA2000360EC /* CoreData.framework */ = {isa = PBXFileReference; lastKnownFileType = wrapper.framework; name = CoreData.framework; path = System/Library/Frameworks/CoreData.framework; sourceTree = SDKROOT; };
/* End PBXFileReference section */

/* Begin PBXFrameworksBuildPhase section */
		670BA818152024F80063ADE0 /* Frameworks */ = {
			isa = PBXFrameworksBuildPhase;
			buildActionMask = 2147483647;
			files = (
				67135279153BD71D0098E83A /* AudioToolbox.framework in Frameworks */,
				677C27011529FF2C00631745 /* CoreMIDI.framework in Frameworks */,
				677C26FF1529FF2700631745 /* CoreAudio.framework in Frameworks */,
				677C26FC1529FF2100631745 /* AVFoundation.framework in Frameworks */,
				67BEDEA81523FDA2000360EC /* CoreData.framework in Frameworks */,
				670BA820152024F80063ADE0 /* UIKit.framework in Frameworks */,
				670BA822152024F80063ADE0 /* Foundation.framework in Frameworks */,
				670BA824152024F80063ADE0 /* CoreGraphics.framework in Frameworks */,
			);
			runOnlyForDeploymentPostprocessing = 0;
		};
/* End PBXFrameworksBuildPhase section */

/* Begin PBXGroup section */
		670BA810152024F80063ADE0 = {
			isa = PBXGroup;
			children = (
				67B661E7155A0F6A00A9A056 /* RightView.h */,
				67075171153E165A004DEB64 /* newBG.png */,
				671352A1153D0D880098E83A /* white_key.png */,
				6777C490154A2D6E009CEAC0 /* Classes */,
				670BA81E152024F80063ADE0 /* Frameworks */,
				678439C41527CD1D009744CC /* images */,
				670BA825152024F80063ADE0 /* Instrument */,
				67BAC47C1549C544004EC7CC /* IPad */,
				6713528C153C8C480098E83A /* Music */,
				67BAC45B1549C4CD004EC7CC /* Other Sources */,
				670BA81C152024F80063ADE0 /* Products */,
				67BAC45F1549C509004EC7CC /* Resources */,
			);
			sourceTree = "<group>";
		};
		670BA81C152024F80063ADE0 /* Products */ = {
			isa = PBXGroup;
			children = (
				670BA81B152024F80063ADE0 /* Instrument.app */,
			);
			name = Products;
			sourceTree = "<group>";
		};
		670BA81E152024F80063ADE0 /* Frameworks */ = {
			isa = PBXGroup;
			children = (
				67135278153BD71D0098E83A /* AudioToolbox.framework */,
				677C27001529FF2C00631745 /* CoreMIDI.framework */,
				677C26FE1529FF2700631745 /* CoreAudio.framework */,
				677C26FB1529FF2100631745 /* AVFoundation.framework */,
				67BEDEA71523FDA2000360EC /* CoreData.framework */,
				670BA81F152024F80063ADE0 /* UIKit.framework */,
				670BA821152024F80063ADE0 /* Foundation.framework */,
				670BA823152024F80063ADE0 /* CoreGraphics.framework */,
			);
			name = Frameworks;
			sourceTree = "<group>";
		};
		670BA825152024F80063ADE0 /* Instrument */ = {
			isa = PBXGroup;
			children = (
				673D4C0A155ADE5500EC840B /* Music Scores */,
				672CF6671558F7950079CE59 /* Display_setting.h */,
				672CF6681558F7950079CE59 /* Display_setting.m */,
				672CF65D15585F770079CE59 /* Display_music.h */,
				672CF65E15585F770079CE59 /* Display_music.m */,
				673D4C16155B4E9900EC840B /* Display_Score.h */,
				673D4C17155B4E9900EC840B /* Display_Score.m */,
				670BA82E152024F80063ADE0 /* AppDelegate.h */,
				678439C51527CDED009744CC /* CoreDataAccess.h */,
				67BBD3E015280B3E00F74374 /* LeftView.h */,
				67BBD3DB15280B0900F74374 /* Master.h */,
				67BEDE901523F402000360EC /* Register.h */,
				67BBD3C11527FCA900F74374 /* startMenu.h */,
				6784379415265249009744CC /* Users.h */,
				670BA82F152024F80063ADE0 /* AppDelegate.m */,
				678439C61527CDED009744CC /* CoreDataAccess.m */,
				67BBD3E115280B3E00F74374 /* LeftView.m */,
				67BBD3DC15280B0900F74374 /* Master.m */,
				67BEDE911523F402000360EC /* Register.m */,
				67BBD3C21527FCA900F74374 /* startMenu.mm */,
				6784379515265249009744CC /* Users.m */,
				67BBD3E715280FA600F74374 /* RightView.mm */,
				67BBD3DD15280B0900F74374 /* Master.xib */,
				67BEDE921523F402000360EC /* Register.xib */,
				677C26F21528E75900631745 /* RightView.xib */,
				67BBD3C31527FCA900F74374 /* startMenu.xib */,
				67BBD3BB1527FA7D00F74374 /* ViewController.xib */,
				6784379115265210009744CC /* Model.xcdatamodeld */,
				670BA826152024F80063ADE0 /* Supporting Files */,
			);
			path = Instrument;
			sourceTree = "<group>";
		};
		670BA826152024F80063ADE0 /* Supporting Files */ = {
			isa = PBXGroup;
			children = (
				670BA827152024F80063ADE0 /* Instrument-Info.plist */,
				670BA828152024F80063ADE0 /* InfoPlist.strings */,
				670BA82B152024F80063ADE0 /* main.m */,
				670BA82D152024F80063ADE0 /* Instrument-Prefix.pch */,
			);
			name = "Supporting Files";
			sourceTree = "<group>";
		};
		6713528C153C8C480098E83A /* Music */ = {
			isa = PBXGroup;
			children = (
				677C27021529FFEE00631745 /* mary.mid */,
				67135283153C8C3E0098E83A /* 09alleycat.mid */,
				67135284153C8C3E0098E83A /* 05carolina.mid */,
				67135285153C8C3E0098E83A /* 03bumbee.mid */,
				67135286153C8C3E0098E83A /* 02astimegoesby.mid */,
			);
			name = Music;
			sourceTree = "<group>";
		};
		673D4C0A155ADE5500EC840B /* Music Scores */ = {
			isa = PBXGroup;
			children = (
				673D4C0C155ADE7F00EC840B /* 02astimegoesby.png */,
				673D4C0D155ADE7F00EC840B /* alleycat.png */,
				673D4C0E155ADE7F00EC840B /* br_im2_format0.pdf */,
				673D4C0F155ADE7F00EC840B /* chpn_op7_2.png */,
				673D4C10155ADE7F00EC840B /* mos_op36_6_format0.png */,
			);
			name = "Music Scores";
			sourceTree = "<group>";
		};
		6777C490154A2D6E009CEAC0 /* Classes */ = {
			isa = PBXGroup;
			children = (
				6777C491154A2D6E009CEAC0 /* ArpeggioView.h */,
				6777C492154A2D6E009CEAC0 /* ArpeggioView.mm */,
				6777C493154A2D6E009CEAC0 /* AudioOutput.h */,
				6777C494154A2D6E009CEAC0 /* AudioOutput.m */,
				6777C495154A2D6E009CEAC0 /* BlackKeyView.h */,
				6777C496154A2D6E009CEAC0 /* BlackKeyView.m */,
				6777C497154A2D6E009CEAC0 /* ControlScrollView.h */,
				6777C498154A2D6E009CEAC0 /* ControlScrollView.m */,
				6777C499154A2D6E009CEAC0 /* EnvelopeView.h */,
				6777C49A154A2D6E009CEAC0 /* EnvelopeView.mm */,
				6777C49B154A2D6E009CEAC0 /* FilterView.h */,
				6777C49C154A2D6E009CEAC0 /* FilterView.mm */,
				6777C49D154A2D6E009CEAC0 /* KeyboardView.h */,
				6777C49E154A2D6E009CEAC0 /* KeyboardView.m */,
				6777C49F154A2D6E009CEAC0 /* KeyView.h */,
				6777C4A0154A2D6E009CEAC0 /* KeyView.m */,
				6777C4A1154A2D6E009CEAC0 /* mobilesynthAppDelegate.h */,
				6777C4A2154A2D6E009CEAC0 /* mobilesynthAppDelegate.mm */,
				6777C4A3154A2D6E009CEAC0 /* mobilesynthViewController.h */,
				6777C4A4154A2D6E009CEAC0 /* mobilesynthViewController.mm */,
				6777C4A5154A2D6E009CEAC0 /* ModulationView.h */,
				6777C4A6154A2D6E009CEAC0 /* ModulationView.mm */,
				6777C4A7154A2D6E009CEAC0 /* OctaveView.h */,
				6777C4A8154A2D6E009CEAC0 /* OctaveView.m */,
				6777C4A9154A2D6E009CEAC0 /* OscillatorDetailView.h */,
				6777C4AA154A2D6E009CEAC0 /* OscillatorDetailView.mm */,
				6777C4AB154A2D6E009CEAC0 /* OscillatorView.h */,
				6777C4AC154A2D6E009CEAC0 /* OscillatorView.mm */,
				6777C4AD154A2D6E009CEAC0 /* synth */,
				6777C4CB154A2D6E009CEAC0 /* TouchForwardingUIScrollView.h */,
				6777C4CC154A2D6E009CEAC0 /* TouchForwardingUIScrollView.m */,
				6777C4CD154A2D6E009CEAC0 /* WhiteKeyView.h */,
				6777C4CE154A2D6E009CEAC0 /* WhiteKeyView.m */,
			);
			path = Classes;
			sourceTree = "<group>";
		};
		6777C4AD154A2D6E009CEAC0 /* synth */ = {
			isa = PBXGroup;
			children = (
				6777C4AE154A2D6E009CEAC0 /* arpeggio.cpp */,
				6777C4AF154A2D6E009CEAC0 /* arpeggio.h */,
				6777C4B1154A2D6E009CEAC0 /* controller.cpp */,
				6777C4B2154A2D6E009CEAC0 /* controller.h */,
				6777C4B4154A2D6E009CEAC0 /* envelope.cpp */,
				6777C4B5154A2D6E009CEAC0 /* envelope.h */,
				6777C4B7154A2D6E009CEAC0 /* filter.cpp */,
				6777C4B8154A2D6E009CEAC0 /* filter.h */,
				6777C4B9154A2D6E009CEAC0 /* key_stack.cpp */,
				6777C4BA154A2D6E009CEAC0 /* key_stack.h */,
				6777C4BC154A2D6E009CEAC0 /* lag_processor.cpp */,
				6777C4BD154A2D6E009CEAC0 /* lag_processor.h */,
				6777C4C0154A2D6E009CEAC0 /* modulation.cpp */,
				6777C4C1154A2D6E009CEAC0 /* modulation.h */,
				6777C4C3154A2D6E009CEAC0 /* oscillator.cpp */,
				6777C4C4154A2D6E009CEAC0 /* oscillator.h */,
				6777C4C6154A2D6E009CEAC0 /* parameter.cpp */,
				6777C4C7154A2D6E009CEAC0 /* parameter.h */,
				6777C4CA154A2D6E009CEAC0 /* test_util.h */,
			);
			path = synth;
			sourceTree = "<group>";
		};
		678439C41527CD1D009744CC /* images */ = {
			isa = PBXGroup;
			children = (
				6713529A153CDD530098E83A /* start_bg.png */,
				67135298153CD8D30098E83A /* start_bg.jpg */,
				678439B41526B9EE009744CC /* textfield.png */,
				67843835152666F2009744CC /* textfield_bg.png */,
			);
			name = images;
			path = Instrument;
			sourceTree = "<group>";
		};
		67BAC45B1549C4CD004EC7CC /* Other Sources */ = {
			isa = PBXGroup;
			children = (
				67BAC45C1549C4DE004EC7CC /* mobilesynth_Prefix.pch */,
			);
			name = "Other Sources";
			sourceTree = "<group>";
		};
		67BAC45F1549C509004EC7CC /* Resources */ = {
			isa = PBXGroup;
			children = (
				67BAC4601549C51B004EC7CC /* Default.png */,
				67BAC4611549C51B004EC7CC /* Icon.png */,
				67BAC4621549C51B004EC7CC /* release.png */,
				67BAC4631549C51B004EC7CC /* sustain.png */,
				67BAC4641549C51B004EC7CC /* decay.png */,
				67BAC4651549C51B004EC7CC /* attack.png */,
				67BAC4661549C51B004EC7CC /* reverse-sawtooth-wave.png */,
				67BAC4671549C51B004EC7CC /* sawtooth-wave.png */,
				67BAC4681549C51B004EC7CC /* triangle-wave.png */,
				67BAC4691549C51B004EC7CC /* square-wave.png */,
				67BAC46A1549C51B004EC7CC /* mobilesynth.png */,
				67BAC46B1549C51B004EC7CC /* mobilesynthViewController.xib */,
				67BAC46C1549C51B004EC7CC /* MainWindow.xib */,
				67BAC46D1549C51B004EC7CC /* Info.plist */,
			);
			name = Resources;
			sourceTree = "<group>";
		};
		67BAC47C1549C544004EC7CC /* IPad */ = {
			isa = PBXGroup;
			children = (
				67BAC47D1549C553004EC7CC /* MainWindow-iPad.xib */,
			);
			name = IPad;
			sourceTree = "<group>";
		};
/* End PBXGroup section */

/* Begin PBXNativeTarget section */
		670BA81A152024F80063ADE0 /* Instrument */ = {
			isa = PBXNativeTarget;
			buildConfigurationList = 670BA839152024F80063ADE0 /* Build configuration list for PBXNativeTarget "Instrument" */;
			buildPhases = (
				670BA817152024F80063ADE0 /* Sources */,
				670BA818152024F80063ADE0 /* Frameworks */,
				670BA819152024F80063ADE0 /* Resources */,
			);
			buildRules = (
			);
			dependencies = (
			);
			name = Instrument;
			productName = Instrument;
			productReference = 670BA81B152024F80063ADE0 /* Instrument.app */;
			productType = "com.apple.product-type.application";
		};
/* End PBXNativeTarget section */

/* Begin PBXProject section */
		670BA812152024F80063ADE0 /* Project object */ = {
			isa = PBXProject;
			attributes = {
				LastUpgradeCheck = 0430;
				ORGANIZATIONNAME = "Tufts University";
			};
			buildConfigurationList = 670BA815152024F80063ADE0 /* Build configuration list for PBXProject "Instrument" */;
			compatibilityVersion = "Xcode 3.2";
			developmentRegion = English;
			hasScannedForEncodings = 0;
			knownRegions = (
				en,
			);
			mainGroup = 670BA810152024F80063ADE0;
			productRefGroup = 670BA81C152024F80063ADE0 /* Products */;
			projectDirPath = "";
			projectRoot = "";
			targets = (
				670BA81A152024F80063ADE0 /* Instrument */,
			);
		};
/* End PBXProject section */

/* Begin PBXResourcesBuildPhase section */
		670BA819152024F80063ADE0 /* Resources */ = {
			isa = PBXResourcesBuildPhase;
			buildActionMask = 2147483647;
			files = (
				670BA82A152024F80063ADE0 /* InfoPlist.strings in Resources */,
				67BEDE941523F402000360EC /* Register.xib in Resources */,
				67843836152666F2009744CC /* textfield_bg.png in Resources */,
				678439B51526B9EE009744CC /* textfield.png in Resources */,
				67BBD3BD1527FA7D00F74374 /* ViewController.xib in Resources */,
				67BBD3C51527FCA900F74374 /* startMenu.xib in Resources */,
				67BBD3DF15280B0900F74374 /* Master.xib in Resources */,
				677C26F31528E75900631745 /* RightView.xib in Resources */,
				677C27031529FFEE00631745 /* mary.mid in Resources */,
				67135287153C8C3E0098E83A /* 09alleycat.mid in Resources */,
				67135288153C8C3E0098E83A /* 05carolina.mid in Resources */,
				67135289153C8C3E0098E83A /* 03bumbee.mid in Resources */,
				6713528A153C8C3E0098E83A /* 02astimegoesby.mid in Resources */,
				67135299153CD8D30098E83A /* start_bg.jpg in Resources */,
				6713529B153CDD530098E83A /* start_bg.png in Resources */,
				671352A2153D0D880098E83A /* white_key.png in Resources */,
				67075172153E165A004DEB64 /* newBG.png in Resources */,
				67BAC46F1549C51B004EC7CC /* Icon.png in Resources */,
				67BAC4701549C51B004EC7CC /* release.png in Resources */,
				67BAC4711549C51B004EC7CC /* sustain.png in Resources */,
				67BAC4721549C51B004EC7CC /* decay.png in Resources */,
				67BAC4731549C51B004EC7CC /* attack.png in Resources */,
				67BAC4741549C51B004EC7CC /* reverse-sawtooth-wave.png in Resources */,
				67BAC4751549C51B004EC7CC /* sawtooth-wave.png in Resources */,
				67BAC4761549C51B004EC7CC /* triangle-wave.png in Resources */,
				67BAC4771549C51B004EC7CC /* square-wave.png in Resources */,
				67BAC4781549C51B004EC7CC /* mobilesynth.png in Resources */,
				67BAC4791549C51B004EC7CC /* mobilesynthViewController.xib in Resources */,
				67BAC47A1549C51B004EC7CC /* MainWindow.xib in Resources */,
				67BAC47B1549C51B004EC7CC /* Info.plist in Resources */,
				67BAC47E1549C553004EC7CC /* MainWindow-iPad.xib in Resources */,
				673D4C11155ADE7F00EC840B /* 02astimegoesby.png in Resources */,
				673D4C12155ADE7F00EC840B /* alleycat.png in Resources */,
				673D4C13155ADE7F00EC840B /* br_im2_format0.pdf in Resources */,
				673D4C14155ADE7F00EC840B /* chpn_op7_2.png in Resources */,
				673D4C15155ADE7F00EC840B /* mos_op36_6_format0.png in Resources */,
			);
			runOnlyForDeploymentPostprocessing = 0;
		};
/* End PBXResourcesBuildPhase section */

/* Begin PBXSourcesBuildPhase section */
		670BA817152024F80063ADE0 /* Sources */ = {
			isa = PBXSourcesBuildPhase;
			buildActionMask = 2147483647;
			files = (
				670BA82C152024F80063ADE0 /* main.m in Sources */,
				670BA830152024F80063ADE0 /* AppDelegate.m in Sources */,
				67BEDE931523F402000360EC /* Register.m in Sources */,
				6784379315265210009744CC /* Model.xcdatamodeld in Sources */,
				6784379615265249009744CC /* Users.m in Sources */,
				678439C71527CDED009744CC /* CoreDataAccess.m in Sources */,
				67BBD3C41527FCA900F74374 /* startMenu.mm in Sources */,
				67BBD3DE15280B0900F74374 /* Master.m in Sources */,
				67BBD3E215280B3E00F74374 /* LeftView.m in Sources */,
				67BBD3E915280FA700F74374 /* RightView.mm in Sources */,
				6777C4CF154A2D6E009CEAC0 /* ArpeggioView.mm in Sources */,
				6777C4D0154A2D6E009CEAC0 /* AudioOutput.m in Sources */,
				6777C4D1154A2D6E009CEAC0 /* BlackKeyView.m in Sources */,
				6777C4D2154A2D6E009CEAC0 /* ControlScrollView.m in Sources */,
				6777C4D3154A2D6E009CEAC0 /* EnvelopeView.mm in Sources */,
				6777C4D4154A2D6E009CEAC0 /* FilterView.mm in Sources */,
				6777C4D5154A2D6E009CEAC0 /* KeyboardView.m in Sources */,
				6777C4D6154A2D6E009CEAC0 /* KeyView.m in Sources */,
				6777C4D7154A2D6E009CEAC0 /* mobilesynthAppDelegate.mm in Sources */,
				6777C4D8154A2D6E009CEAC0 /* mobilesynthViewController.mm in Sources */,
				6777C4D9154A2D6E009CEAC0 /* ModulationView.mm in Sources */,
				6777C4DA154A2D6E009CEAC0 /* OctaveView.m in Sources */,
				6777C4DB154A2D6E009CEAC0 /* OscillatorDetailView.mm in Sources */,
				6777C4DC154A2D6E009CEAC0 /* OscillatorView.mm in Sources */,
				6777C4DD154A2D6E009CEAC0 /* arpeggio.cpp in Sources */,
				6777C4DF154A2D6E009CEAC0 /* controller.cpp in Sources */,
				6777C4E1154A2D6E009CEAC0 /* envelope.cpp in Sources */,
				6777C4E3154A2D6E009CEAC0 /* filter.cpp in Sources */,
				6777C4E4154A2D6E009CEAC0 /* key_stack.cpp in Sources */,
				6777C4E6154A2D6E009CEAC0 /* lag_processor.cpp in Sources */,
				6777C4E9154A2D6E009CEAC0 /* modulation.cpp in Sources */,
				6777C4EB154A2D6E009CEAC0 /* oscillator.cpp in Sources */,
				6777C4ED154A2D6E009CEAC0 /* parameter.cpp in Sources */,
				6777C4EF154A2D6E009CEAC0 /* TouchForwardingUIScrollView.m in Sources */,
				6777C4F0154A2D6E009CEAC0 /* WhiteKeyView.m in Sources */,
				672CF65F15585F770079CE59 /* Display_music.m in Sources */,
				672CF6691558F7950079CE59 /* Display_setting.m in Sources */,
				673D4C18155B4E9900EC840B /* Display_Score.m in Sources */,
			);
			runOnlyForDeploymentPostprocessing = 0;
		};
/* End PBXSourcesBuildPhase section */

/* Begin PBXVariantGroup section */
		670BA828152024F80063ADE0 /* InfoPlist.strings */ = {
			isa = PBXVariantGroup;
			children = (
				670BA829152024F80063ADE0 /* en */,
			);
			name = InfoPlist.strings;
			sourceTree = "<group>";
		};
/* End PBXVariantGroup section */

/* Begin XCBuildConfiguration section */
		670BA837152024F80063ADE0 /* Debug */ = {
			isa = XCBuildConfiguration;
			buildSettings = {
				ALWAYS_SEARCH_USER_PATHS = NO;
				ARCHS = "$(ARCHS_STANDARD_32_BIT)";
				CLANG_ENABLE_OBJC_ARC = YES;
				"CODE_SIGN_IDENTITY[sdk=iphoneos*]" = "iPhone Developer";
				COPY_PHASE_STRIP = NO;
				GCC_C_LANGUAGE_STANDARD = gnu99;
				GCC_DYNAMIC_NO_PIC = NO;
				GCC_OPTIMIZATION_LEVEL = 0;
				GCC_PREPROCESSOR_DEFINITIONS = (
					"DEBUG=1",
					"$(inherited)",
				);
				GCC_SYMBOLS_PRIVATE_EXTERN = NO;
				GCC_VERSION = com.apple.compilers.llvm.clang.1_0;
				GCC_WARN_ABOUT_MISSING_PROTOTYPES = YES;
				GCC_WARN_ABOUT_RETURN_TYPE = YES;
				GCC_WARN_UNUSED_VARIABLE = YES;
				IPHONEOS_DEPLOYMENT_TARGET = 5.0;
				SDKROOT = iphoneos;
				TARGETED_DEVICE_FAMILY = 2;
			};
			name = Debug;
		};
		670BA838152024F80063ADE0 /* Release */ = {
			isa = XCBuildConfiguration;
			buildSettings = {
				ALWAYS_SEARCH_USER_PATHS = NO;
				ARCHS = "$(ARCHS_STANDARD_32_BIT)";
				CLANG_ENABLE_OBJC_ARC = YES;
				"CODE_SIGN_IDENTITY[sdk=iphoneos*]" = "iPhone Developer";
				COPY_PHASE_STRIP = YES;
				GCC_C_LANGUAGE_STANDARD = gnu99;
				GCC_VERSION = com.apple.compilers.llvm.clang.1_0;
				GCC_WARN_ABOUT_MISSING_PROTOTYPES = YES;
				GCC_WARN_ABOUT_RETURN_TYPE = YES;
				GCC_WARN_UNUSED_VARIABLE = YES;
				IPHONEOS_DEPLOYMENT_TARGET = 5.0;
				OTHER_CFLAGS = "-DNS_BLOCK_ASSERTIONS=1";
				SDKROOT = iphoneos;
				TARGETED_DEVICE_FAMILY = 2;
				VALIDATE_PRODUCT = YES;
			};
			name = Release;
		};
		670BA83A152024F80063ADE0 /* Debug */ = {
			isa = XCBuildConfiguration;
			buildSettings = {
				GCC_PRECOMPILE_PREFIX_HEADER = YES;
				GCC_PREFIX_HEADER = "Instrument/Instrument-Prefix.pch";
				GCC_VERSION = "";
				GENERATE_PROFILING_CODE = YES;
				INFOPLIST_FILE = "Instrument/Instrument-Info.plist";
				IPHONEOS_DEPLOYMENT_TARGET = 5.1;
				PRODUCT_NAME = "$(TARGET_NAME)";
				WRAPPER_EXTENSION = app;
			};
			name = Debug;
		};
		670BA83B152024F80063ADE0 /* Release */ = {
			isa = XCBuildConfiguration;
			buildSettings = {
				GCC_PRECOMPILE_PREFIX_HEADER = YES;
				GCC_PREFIX_HEADER = "Instrument/Instrument-Prefix.pch";
				GCC_VERSION = "";
				INFOPLIST_FILE = "Instrument/Instrument-Info.plist";
				IPHONEOS_DEPLOYMENT_TARGET = 5.1;
				PRODUCT_NAME = "$(TARGET_NAME)";
				WRAPPER_EXTENSION = app;
			};
			name = Release;
		};
/* End XCBuildConfiguration section */

/* Begin XCConfigurationList section */
		670BA815152024F80063ADE0 /* Build configuration list for PBXProject "Instrument" */ = {
			isa = XCConfigurationList;
			buildConfigurations = (
				670BA837152024F80063ADE0 /* Debug */,
				670BA838152024F80063ADE0 /* Release */,
			);
			defaultConfigurationIsVisible = 0;
			defaultConfigurationName = Release;
		};
		670BA839152024F80063ADE0 /* Build configuration list for PBXNativeTarget "Instrument" */ = {
			isa = XCConfigurationList;
			buildConfigurations = (
				670BA83A152024F80063ADE0 /* Debug */,
				670BA83B152024F80063ADE0 /* Release */,
			);
			defaultConfigurationIsVisible = 0;
			defaultConfigurationName = Release;
		};
/* End XCConfigurationList section */

/* Begin XCVersionGroup section */
		6784379115265210009744CC /* Model.xcdatamodeld */ = {
			isa = XCVersionGroup;
			children = (
				6784379215265210009744CC /* Model.xcdatamodel */,
			);
			currentVersion = 6784379215265210009744CC /* Model.xcdatamodel */;
			path = Model.xcdatamodeld;
			sourceTree = "<group>";
			versionGroupType = wrapper.xcdatamodel;
		};
/* End XCVersionGroup section */
	};
	rootObject = 670BA812152024F80063ADE0 /* Project object */;
}
